<?xml version="1.0" encoding="utf-8"?>
<Project ToolsVersion="4.0" xmlns="http://schemas.microsoft.com/developer/msbuild/2003">
  <ItemGroup>
    <Filter Include="Source Files">
      <UniqueIdentifier>{4FC737F1-C7A5-4376-A066-2A32D752A2FF}</UniqueIdentifier>
      <Extensions>cpp;c;cc;cxx;def;odl;idl;hpj;bat;asm;asmx</Extensions>
    </Filter>
    <Filter Include="Header Files">
      <UniqueIdentifier>{93995380-89BD-4b04-88EB-625FBE52EBFB}</UniqueIdentifier>
      <Extensions>h;hh;hpp;hxx;hm;inl;inc;xsd</Extensions>
    </Filter>
    <Filter Include="Resource Files">
      <UniqueIdentifier>{67DA6AB6-F800-4c08-8B7A-83BB121AAD01}</UniqueIdentifier>
      <Extensions>rc;ico;cur;bmp;dlg;rc2;rct;bin;rgs;gif;jpg;jpeg;jpe;resx;tiff;tif;png;wav;mfcribbon-ms</Extensions>
    </Filter>
  </ItemGroup>
  <ItemGroup>
    <Text Include="ReadMe.txt" />
  </ItemGroup>
  <ItemGroup>
    <ClCompile Include="SemtRetina.cpp">
      <Filter>Source Files</Filter>
    </ClCompile>
    <ClCompile Include="stdafx.cpp">
      <Filter>Source Files</Filter>
    </ClCompile>
    <ClCompile Include="RetinaSegmentModel.cpp">
      <Filter>Source Files</Filter>
    </ClCompile>
    <ClCompile Include="RetinaBoundary.cpp">
      <Filter>Source Files</Filter>
    </ClCompile>
    <ClCompile Include="BoundaryILM.cpp">
      <Filter>Source Files</Filter>
    </ClCompile>
    <ClCompile Include="BoundaryNFL.cpp">
      <Filter>Source Files</Filter>
    </ClCompile>
    <ClCompile Include="BoundaryIPL.cpp">
      <Filter>Source Files</Filter>
    </ClCompile>
    <ClCompile Include="BoundaryOPL.cpp">
      <Filter>Source Files</Filter>
    </ClCompile>
    <ClCompile Include="BoundaryONL.cpp">
      <Filter>Source Files</Filter>
    </ClCompile>
    <ClCompile Include="BoundaryIOS.cpp">
      <Filter>Source Files</Filter>
    </ClCompile>
    <ClCompile Include="BoundaryRPE.cpp">
      <Filter>Source Files</Filter>
    </ClCompile>
    <ClCompile Include="BoundaryBRM.cpp">
      <Filter>Source Files</Filter>
    </ClCompile>
    <ClCompile Include="OpticDiscSegmPipeline.cpp">
      <Filter>Source Files</Filter>
    </ClCompile>
    <ClCompile Include="MacularSegmenter.cpp">
      <Filter>Source Files</Filter>
    </ClCompile>
    <ClCompile Include="RetinaSegmFrame.cpp">
      <Filter>Source Files</Filter>
    </ClCompile>
    <ClCompile Include="MacularSegmFrame.cpp">
      <Filter>Source Files</Filter>
    </ClCompile>
    <ClCompile Include="RetinaSegmenter.cpp">
      <Filter>Source Files</Filter>
    </ClCompile>
    <ClCompile Include="BscanResampler.cpp">
      <Filter>Source Files</Filter>
    </ClCompile>
    <ClCompile Include="RetinaBandExtractor.cpp">
      <Filter>Source Files</Filter>
    </ClCompile>
    <ClCompile Include="RetinaInferPipeline.cpp">
      <Filter>Source Files</Filter>
    </ClCompile>
    <ClCompile Include="BoundaryINN.cpp">
      <Filter>Source Files</Filter>
    </ClCompile>
    <ClCompile Include="BoundaryOUT.cpp">
      <Filter>Source Files</Filter>
    </ClCompile>
    <ClCompile Include="BscanImageData.cpp">
      <Filter>Source Files</Filter>
    </ClCompile>
    <ClCompile Include="ONHMorphometrics.cpp">
      <Filter>Source Files</Filter>
    </ClCompile>
    <ClCompile Include="OpticDiscSegmenter.cpp">
      <Filter>Source Files</Filter>
    </ClCompile>
    <ClCompile Include="OpticDiscSegmFrame.cpp">
      <Filter>Source Files</Filter>
    </ClCompile>
  </ItemGroup>
  <ItemGroup>
    <ClInclude Include="SemtRetina.h">
      <Filter>Header Files</Filter>
    </ClInclude>
    <ClInclude Include="stdafx.h">
      <Filter>Header Files</Filter>
    </ClInclude>
    <ClInclude Include="targetver.h">
      <Filter>Header Files</Filter>
    </ClInclude>
    <ClInclude Include="Resource.h">
      <Filter>Header Files</Filter>
    </ClInclude>
    <ClInclude Include="SemtRetina2.h">
      <Filter>Header Files</Filter>
    </ClInclude>
    <ClInclude Include="SemtRetinaDef.h">
      <Filter>Header Files</Filter>
    </ClInclude>
    <ClInclude Include="RetinaSegmentModel.h">
      <Filter>Header Files</Filter>
    </ClInclude>
    <ClInclude Include="RetinaBoundary.h">
      <Filter>Header Files</Filter>
    </ClInclude>
    <ClInclude Include="BoundaryILM.h">
      <Filter>Header Files</Filter>
    </ClInclude>
    <ClInclude Include="BoundaryNFL.h">
      <Filter>Header Files</Filter>
    </ClInclude>
    <ClInclude Include="BoundaryIPL.h">
      <Filter>Header Files</Filter>
    </ClInclude>
    <ClInclude Include="BoundaryOPL.h">
      <Filter>Header Files</Filter>
    </ClInclude>
    <ClInclude Include="BoundaryONL.h">
      <Filter>Header Files</Filter>
    </ClInclude>
    <ClInclude Include="BoundaryIOS.h">
      <Filter>Header Files</Filter>
    </ClInclude>
    <ClInclude Include="BoundaryRPE.h">
      <Filter>Header Files</Filter>
    </ClInclude>
    <ClInclude Include="BoundaryBRM.h">
      <Filter>Header Files</Filter>
    </ClInclude>
    <ClInclude Include="OpticDiscSegmPipeline.h">
      <Filter>Header Files</Filter>
    </ClInclude>
    <ClInclude Include="MacularSegmenter.h">
      <Filter>Header Files</Filter>
    </ClInclude>
    <ClInclude Include="RetinaSegmFrame.h">
      <Filter>Header Files</Filter>
    </ClInclude>
    <ClInclude Include="MacularSegmFrame.h">
      <Filter>Header Files</Filter>
    </ClInclude>
    <ClInclude Include="RetinaSegmenter.h">
      <Filter>Header Files</Filter>
    </ClInclude>
    <ClInclude Include="BscanResampler.h">
      <Filter>Header Files</Filter>
    </ClInclude>
    <ClInclude Include="RetinaBandExtractor.h">
      <Filter>Header Files</Filter>
    </ClInclude>
    <ClInclude Include="RetinaInferPipeline.h">
      <Filter>Header Files</Filter>
    </ClInclude>
    <ClInclude Include="BoundaryINN.h">
      <Filter>Header Files</Filter>
    </ClInclude>
    <ClInclude Include="BoundaryOUT.h">
      <Filter>Header Files</Filter>
    </ClInclude>
    <ClInclude Include="BscanImageData.h">
      <Filter>Header Files</Filter>
    </ClInclude>
    <ClInclude Include="ONHMorphometrics.h">
      <Filter>Header Files</Filter>
    </ClInclude>
    <ClInclude Include="OpticDiscSegmenter.h">
      <Filter>Header Files</Filter>
    </ClInclude>
    <ClInclude Include="OpticDiscSegmFrame.h">
      <Filter>Header Files</Filter>
    </ClInclude>
  </ItemGroup>
  <ItemGroup>
    <None Include="SemtRetina.def">
      <Filter>Source Files</Filter>
    </None>
    <None Include="res\SemtRetina.rc2">
      <Filter>Resource Files</Filter>
    </None>
  </ItemGroup>
  <ItemGroup>
    <ResourceCompile Include="SemtRetina.rc">
      <Filter>Resource Files</Filter>
    </ResourceCompile>
  </ItemGroup>
</Project>