
Microsoft Visual Studio Solution File, Format Version 12.00
# Visual Studio Version 17
VisualStudioVersion = 17.12.35521.163
MinimumVisualStudioVersion = 10.0.40219.1
Project("{2150E333-8FDC-42A3-9474-1A3956D46DE8}") = "excutable", "excutable", "{63D7EB65-DEBF-4A1E-B547-64F25673B223}"
	ProjectSection(SolutionItems) = preProject
		modules\ReportCtrl\ReadMe.txt = modules\ReportCtrl\ReadMe.txt
	EndProjectSection
EndProject
Project("{2150E333-8FDC-42A3-9474-1A3956D46DE8}") = "Libraries", "Libraries", "{58122A52-28C1-42A4-B9C3-B090A579D02A}"
EndProject
Project("{8BC9CEB8-8B4A-11D0-8D11-00A0C91BC942}") = "PatientDB", "modules\PatientDB\PatientDB.vcxproj", "{1604E815-C14D-4B82-96C7-CF7E89F07562}"
	ProjectSection(ProjectDependencies) = postProject
		{4CC8A262-0BFC-4373-AE46-67DEE0965243} = {4CC8A262-0BFC-4373-AE46-67DEE0965243}
	EndProjectSection
EndProject
Project("{8BC9CEB8-8B4A-11D0-8D11-00A0C91BC942}") = "HctToolkit", "projects\HctToolkit\HctToolkit.vcxproj", "{691B30B9-B5E6-4AC3-B8C2-AE6BC76C503F}"
	ProjectSection(ProjectDependencies) = postProject
		{2856F8CC-2AC0-4D1A-AE95-C9FE1B7CFF3D} = {2856F8CC-2AC0-4D1A-AE95-C9FE1B7CFF3D}
		{3B21A37F-68AC-48FB-95B0-3F68A2E82960} = {3B21A37F-68AC-48FB-95B0-3F68A2E82960}
		{3D98CBEE-8E84-46D8-B6CD-8B6BAF9500A2} = {3D98CBEE-8E84-46D8-B6CD-8B6BAF9500A2}
		{4CC8A262-0BFC-4373-AE46-67DEE0965243} = {4CC8A262-0BFC-4373-AE46-67DEE0965243}
		{6995DE7D-D4E7-4C51-AA2F-080D816BBB33} = {6995DE7D-D4E7-4C51-AA2F-080D816BBB33}
		{C1237232-478F-4665-97A0-C71D5274B2F9} = {C1237232-478F-4665-97A0-C71D5274B2F9}
		{D92A0707-6E2C-4A58-826C-CE11AA209327} = {D92A0707-6E2C-4A58-826C-CE11AA209327}
		{F2C43094-41DC-4819-9577-5B636E763550} = {F2C43094-41DC-4819-9577-5B636E763550}
	EndProjectSection
EndProject
Project("{8BC9CEB8-8B4A-11D0-8D11-00A0C91BC942}") = "CppUtil", "modules\CppUtil\CppUtil.vcxproj", "{4CC8A262-0BFC-4373-AE46-67DEE0965243}"
EndProject
Project("{8BC9CEB8-8B4A-11D0-8D11-00A0C91BC942}") = "KerFocus", "modules\KerFocus\KerFocus.vcxproj", "{3B21A37F-68AC-48FB-95B0-3F68A2E82960}"
	ProjectSection(ProjectDependencies) = postProject
		{124AF924-5638-491E-A57D-F8B31B3896C8} = {124AF924-5638-491E-A57D-F8B31B3896C8}
		{3D98CBEE-8E84-46D8-B6CD-8B6BAF9500A2} = {3D98CBEE-8E84-46D8-B6CD-8B6BAF9500A2}
		{4CC8A262-0BFC-4373-AE46-67DEE0965243} = {4CC8A262-0BFC-4373-AE46-67DEE0965243}
	EndProjectSection
EndProject
Project("{8BC9CEB8-8B4A-11D0-8D11-00A0C91BC942}") = "OctConfig", "modules\OctConfig\OctConfig.vcxproj", "{124AF924-5638-491E-A57D-F8B31B3896C8}"
	ProjectSection(ProjectDependencies) = postProject
		{3D98CBEE-8E84-46D8-B6CD-8B6BAF9500A2} = {3D98CBEE-8E84-46D8-B6CD-8B6BAF9500A2}
		{4CC8A262-0BFC-4373-AE46-67DEE0965243} = {4CC8A262-0BFC-4373-AE46-67DEE0965243}
	EndProjectSection
EndProject
Project("{8BC9CEB8-8B4A-11D0-8D11-00A0C91BC942}") = "OctDevice", "modules\OctDevice\OctDevice.vcxproj", "{6995DE7D-D4E7-4C51-AA2F-080D816BBB33}"
	ProjectSection(ProjectDependencies) = postProject
		{124AF924-5638-491E-A57D-F8B31B3896C8} = {124AF924-5638-491E-A57D-F8B31B3896C8}
		{3D98CBEE-8E84-46D8-B6CD-8B6BAF9500A2} = {3D98CBEE-8E84-46D8-B6CD-8B6BAF9500A2}
		{4CC8A262-0BFC-4373-AE46-67DEE0965243} = {4CC8A262-0BFC-4373-AE46-67DEE0965243}
	EndProjectSection
EndProject
Project("{8BC9CEB8-8B4A-11D0-8D11-00A0C91BC942}") = "OctGlobal", "modules\OctGlobal\OctGlobal.vcxproj", "{3D98CBEE-8E84-46D8-B6CD-8B6BAF9500A2}"
	ProjectSection(ProjectDependencies) = postProject
		{4CC8A262-0BFC-4373-AE46-67DEE0965243} = {4CC8A262-0BFC-4373-AE46-67DEE0965243}
	EndProjectSection
EndProject
Project("{8BC9CEB8-8B4A-11D0-8D11-00A0C91BC942}") = "OctGrab", "modules\OctGrab\OctGrab.vcxproj", "{83DC243E-75F3-4EE1-98F7-B8009AE1CCD2}"
	ProjectSection(ProjectDependencies) = postProject
		{124AF924-5638-491E-A57D-F8B31B3896C8} = {124AF924-5638-491E-A57D-F8B31B3896C8}
		{3D98CBEE-8E84-46D8-B6CD-8B6BAF9500A2} = {3D98CBEE-8E84-46D8-B6CD-8B6BAF9500A2}
		{4CC8A262-0BFC-4373-AE46-67DEE0965243} = {4CC8A262-0BFC-4373-AE46-67DEE0965243}
		{6995DE7D-D4E7-4C51-AA2F-080D816BBB33} = {6995DE7D-D4E7-4C51-AA2F-080D816BBB33}
	EndProjectSection
EndProject
Project("{8BC9CEB8-8B4A-11D0-8D11-00A0C91BC942}") = "OctPattern", "modules\OctPattern\OctPattern.vcxproj", "{C1E42DB2-B34C-4955-ACC7-F6E604E28411}"
	ProjectSection(ProjectDependencies) = postProject
		{124AF924-5638-491E-A57D-F8B31B3896C8} = {124AF924-5638-491E-A57D-F8B31B3896C8}
		{3D98CBEE-8E84-46D8-B6CD-8B6BAF9500A2} = {3D98CBEE-8E84-46D8-B6CD-8B6BAF9500A2}
		{4CC8A262-0BFC-4373-AE46-67DEE0965243} = {4CC8A262-0BFC-4373-AE46-67DEE0965243}
	EndProjectSection
EndProject
Project("{8BC9CEB8-8B4A-11D0-8D11-00A0C91BC942}") = "OctResult", "modules\OctResult\OctResult.vcxproj", "{8AC9D210-1B35-46F7-B05A-B81A7A7D8A6F}"
	ProjectSection(ProjectDependencies) = postProject
		{124AF924-5638-491E-A57D-F8B31B3896C8} = {124AF924-5638-491E-A57D-F8B31B3896C8}
		{3D98CBEE-8E84-46D8-B6CD-8B6BAF9500A2} = {3D98CBEE-8E84-46D8-B6CD-8B6BAF9500A2}
		{4CC8A262-0BFC-4373-AE46-67DEE0965243} = {4CC8A262-0BFC-4373-AE46-67DEE0965243}
	EndProjectSection
EndProject
Project("{8BC9CEB8-8B4A-11D0-8D11-00A0C91BC942}") = "OctSystem", "modules\OctSystem\OctSystem.vcxproj", "{2856F8CC-2AC0-4D1A-AE95-C9FE1B7CFF3D}"
	ProjectSection(ProjectDependencies) = postProject
		{0FCA466A-8CF2-45FE-83B5-609FA54723A7} = {0FCA466A-8CF2-45FE-83B5-609FA54723A7}
		{124AF924-5638-491E-A57D-F8B31B3896C8} = {124AF924-5638-491E-A57D-F8B31B3896C8}
		{30C4B770-91B4-4985-947E-711C6CA01FDA} = {30C4B770-91B4-4985-947E-711C6CA01FDA}
		{3248DEBE-B6DC-46EF-A2F2-33E4563E3D90} = {3248DEBE-B6DC-46EF-A2F2-33E4563E3D90}
		{3B21A37F-68AC-48FB-95B0-3F68A2E82960} = {3B21A37F-68AC-48FB-95B0-3F68A2E82960}
		{3D98CBEE-8E84-46D8-B6CD-8B6BAF9500A2} = {3D98CBEE-8E84-46D8-B6CD-8B6BAF9500A2}
		{466E48F9-F64C-4BF6-BF92-EE701CB576FD} = {466E48F9-F64C-4BF6-BF92-EE701CB576FD}
		{4CC8A262-0BFC-4373-AE46-67DEE0965243} = {4CC8A262-0BFC-4373-AE46-67DEE0965243}
		{6995DE7D-D4E7-4C51-AA2F-080D816BBB33} = {6995DE7D-D4E7-4C51-AA2F-080D816BBB33}
		{83DC243E-75F3-4EE1-98F7-B8009AE1CCD2} = {83DC243E-75F3-4EE1-98F7-B8009AE1CCD2}
		{8AC9D210-1B35-46F7-B05A-B81A7A7D8A6F} = {8AC9D210-1B35-46F7-B05A-B81A7A7D8A6F}
		{8D75EAAD-213B-4E0E-A39A-D803FE93C776} = {8D75EAAD-213B-4E0E-A39A-D803FE93C776}
		{967F0DF2-2450-4EDE-9776-025912761C3D} = {967F0DF2-2450-4EDE-9776-025912761C3D}
		{AB706F06-3827-47D8-8145-BAB169ED69AE} = {AB706F06-3827-47D8-8145-BAB169ED69AE}
		{AF309463-0467-49A3-BAA3-BF4DE4516B81} = {AF309463-0467-49A3-BAA3-BF4DE4516B81}
		{C1237232-478F-4665-97A0-C71D5274B2F9} = {C1237232-478F-4665-97A0-C71D5274B2F9}
		{C1E42DB2-B34C-4955-ACC7-F6E604E28411} = {C1E42DB2-B34C-4955-ACC7-F6E604E28411}
		{D92A0707-6E2C-4A58-826C-CE11AA209327} = {D92A0707-6E2C-4A58-826C-CE11AA209327}
		{F2C43094-41DC-4819-9577-5B636E763550} = {F2C43094-41DC-4819-9577-5B636E763550}
	EndProjectSection
EndProject
Project("{8BC9CEB8-8B4A-11D0-8D11-00A0C91BC942}") = "RetParam", "modules\RetParam\RetParam.vcxproj", "{41117FA9-9BBD-47FD-8C40-95C2D231D054}"
	ProjectSection(ProjectDependencies) = postProject
		{4CC8A262-0BFC-4373-AE46-67DEE0965243} = {4CC8A262-0BFC-4373-AE46-67DEE0965243}
		{DF0FCE88-A0B7-4DDB-AD7D-5B772994674E} = {DF0FCE88-A0B7-4DDB-AD7D-5B772994674E}
	EndProjectSection
EndProject
Project("{8BC9CEB8-8B4A-11D0-8D11-00A0C91BC942}") = "RetSegm", "modules\RetSegm\RetSegm.vcxproj", "{DF0FCE88-A0B7-4DDB-AD7D-5B772994674E}"
	ProjectSection(ProjectDependencies) = postProject
		{3D98CBEE-8E84-46D8-B6CD-8B6BAF9500A2} = {3D98CBEE-8E84-46D8-B6CD-8B6BAF9500A2}
		{4CC8A262-0BFC-4373-AE46-67DEE0965243} = {4CC8A262-0BFC-4373-AE46-67DEE0965243}
	EndProjectSection
EndProject
Project("{8BC9CEB8-8B4A-11D0-8D11-00A0C91BC942}") = "SegmProc", "modules\SegmProc\SegmProc.vcxproj", "{AF309463-0467-49A3-BAA3-BF4DE4516B81}"
	ProjectSection(ProjectDependencies) = postProject
		{0FCA466A-8CF2-45FE-83B5-609FA54723A7} = {0FCA466A-8CF2-45FE-83B5-609FA54723A7}
		{3D98CBEE-8E84-46D8-B6CD-8B6BAF9500A2} = {3D98CBEE-8E84-46D8-B6CD-8B6BAF9500A2}
		{416CE6DA-2F04-49A6-95E3-F7E840A11C90} = {416CE6DA-2F04-49A6-95E3-F7E840A11C90}
		{4CC8A262-0BFC-4373-AE46-67DEE0965243} = {4CC8A262-0BFC-4373-AE46-67DEE0965243}
		{77E44059-A3AC-4102-8703-403EEDE54C9E} = {77E44059-A3AC-4102-8703-403EEDE54C9E}
		{8AC9D210-1B35-46F7-B05A-B81A7A7D8A6F} = {8AC9D210-1B35-46F7-B05A-B81A7A7D8A6F}
		{967F0DF2-2450-4EDE-9776-025912761C3D} = {967F0DF2-2450-4EDE-9776-025912761C3D}
		{AB706F06-3827-47D8-8145-BAB169ED69AE} = {AB706F06-3827-47D8-8145-BAB169ED69AE}
	EndProjectSection
EndProject
Project("{8BC9CEB8-8B4A-11D0-8D11-00A0C91BC942}") = "SegmScan", "modules\SegmScan\SegmScan.vcxproj", "{0FCA466A-8CF2-45FE-83B5-609FA54723A7}"
	ProjectSection(ProjectDependencies) = postProject
		{3248DEBE-B6DC-46EF-A2F2-33E4563E3D90} = {3248DEBE-B6DC-46EF-A2F2-33E4563E3D90}
		{3D98CBEE-8E84-46D8-B6CD-8B6BAF9500A2} = {3D98CBEE-8E84-46D8-B6CD-8B6BAF9500A2}
		{41117FA9-9BBD-47FD-8C40-95C2D231D054} = {41117FA9-9BBD-47FD-8C40-95C2D231D054}
		{416CE6DA-2F04-49A6-95E3-F7E840A11C90} = {416CE6DA-2F04-49A6-95E3-F7E840A11C90}
		{4CC8A262-0BFC-4373-AE46-67DEE0965243} = {4CC8A262-0BFC-4373-AE46-67DEE0965243}
		{77E44059-A3AC-4102-8703-403EEDE54C9E} = {77E44059-A3AC-4102-8703-403EEDE54C9E}
		{DF0FCE88-A0B7-4DDB-AD7D-5B772994674E} = {DF0FCE88-A0B7-4DDB-AD7D-5B772994674E}
	EndProjectSection
EndProject
Project("{8BC9CEB8-8B4A-11D0-8D11-00A0C91BC942}") = "SigChain", "modules\SigChain\SigChain.vcxproj", "{F2C43094-41DC-4819-9577-5B636E763550}"
	ProjectSection(ProjectDependencies) = postProject
		{124AF924-5638-491E-A57D-F8B31B3896C8} = {124AF924-5638-491E-A57D-F8B31B3896C8}
		{3D98CBEE-8E84-46D8-B6CD-8B6BAF9500A2} = {3D98CBEE-8E84-46D8-B6CD-8B6BAF9500A2}
		{4CC8A262-0BFC-4373-AE46-67DEE0965243} = {4CC8A262-0BFC-4373-AE46-67DEE0965243}
		{D92A0707-6E2C-4A58-826C-CE11AA209327} = {D92A0707-6E2C-4A58-826C-CE11AA209327}
	EndProjectSection
EndProject
Project("{8BC9CEB8-8B4A-11D0-8D11-00A0C91BC942}") = "SigProc", "modules\SigProc\SigProc.vcxproj", "{D92A0707-6E2C-4A58-826C-CE11AA209327}"
	ProjectSection(ProjectDependencies) = postProject
		{3D98CBEE-8E84-46D8-B6CD-8B6BAF9500A2} = {3D98CBEE-8E84-46D8-B6CD-8B6BAF9500A2}
		{4CC8A262-0BFC-4373-AE46-67DEE0965243} = {4CC8A262-0BFC-4373-AE46-67DEE0965243}
	EndProjectSection
EndProject
Project("{8BC9CEB8-8B4A-11D0-8D11-00A0C91BC942}") = "RetFocus", "modules\RetFocus\RetFocus.vcxproj", "{8D75EAAD-213B-4E0E-A39A-D803FE93C776}"
	ProjectSection(ProjectDependencies) = postProject
		{124AF924-5638-491E-A57D-F8B31B3896C8} = {124AF924-5638-491E-A57D-F8B31B3896C8}
		{3D98CBEE-8E84-46D8-B6CD-8B6BAF9500A2} = {3D98CBEE-8E84-46D8-B6CD-8B6BAF9500A2}
		{4CC8A262-0BFC-4373-AE46-67DEE0965243} = {4CC8A262-0BFC-4373-AE46-67DEE0965243}
		{6995DE7D-D4E7-4C51-AA2F-080D816BBB33} = {6995DE7D-D4E7-4C51-AA2F-080D816BBB33}
		{F2C43094-41DC-4819-9577-5B636E763550} = {F2C43094-41DC-4819-9577-5B636E763550}
	EndProjectSection
EndProject
Project("{8BC9CEB8-8B4A-11D0-8D11-00A0C91BC942}") = "OctData", "modules\OctData\OctData.vcxproj", "{AB706F06-3827-47D8-8145-BAB169ED69AE}"
	ProjectSection(ProjectDependencies) = postProject
		{0FCA466A-8CF2-45FE-83B5-609FA54723A7} = {0FCA466A-8CF2-45FE-83B5-609FA54723A7}
		{3D98CBEE-8E84-46D8-B6CD-8B6BAF9500A2} = {3D98CBEE-8E84-46D8-B6CD-8B6BAF9500A2}
		{4CC8A262-0BFC-4373-AE46-67DEE0965243} = {4CC8A262-0BFC-4373-AE46-67DEE0965243}
		{8AC9D210-1B35-46F7-B05A-B81A7A7D8A6F} = {8AC9D210-1B35-46F7-B05A-B81A7A7D8A6F}
	EndProjectSection
EndProject
Project("{8BC9CEB8-8B4A-11D0-8D11-00A0C91BC942}") = "HctReport", "projects\HctReport\HctReport.vcxproj", "{08E450A7-450F-4D75-BDFC-FEF3ACF8E2BC}"
	ProjectSection(ProjectDependencies) = postProject
		{0FCA466A-8CF2-45FE-83B5-609FA54723A7} = {0FCA466A-8CF2-45FE-83B5-609FA54723A7}
		{124AF924-5638-491E-A57D-F8B31B3896C8} = {124AF924-5638-491E-A57D-F8B31B3896C8}
		{2856F8CC-2AC0-4D1A-AE95-C9FE1B7CFF3D} = {2856F8CC-2AC0-4D1A-AE95-C9FE1B7CFF3D}
		{30C4B770-91B4-4985-947E-711C6CA01FDA} = {30C4B770-91B4-4985-947E-711C6CA01FDA}
		{3D98CBEE-8E84-46D8-B6CD-8B6BAF9500A2} = {3D98CBEE-8E84-46D8-B6CD-8B6BAF9500A2}
		{416CE6DA-2F04-49A6-95E3-F7E840A11C90} = {416CE6DA-2F04-49A6-95E3-F7E840A11C90}
		{4CC8A262-0BFC-4373-AE46-67DEE0965243} = {4CC8A262-0BFC-4373-AE46-67DEE0965243}
		{6995DE7D-D4E7-4C51-AA2F-080D816BBB33} = {6995DE7D-D4E7-4C51-AA2F-080D816BBB33}
		{8AC9D210-1B35-46F7-B05A-B81A7A7D8A6F} = {8AC9D210-1B35-46F7-B05A-B81A7A7D8A6F}
		{AB706F06-3827-47D8-8145-BAB169ED69AE} = {AB706F06-3827-47D8-8145-BAB169ED69AE}
	EndProjectSection
EndProject
Project("{8BC9CEB8-8B4A-11D0-8D11-00A0C91BC942}") = "OctReport", "modules\OctReport\OctReport.vcxproj", "{30C4B770-91B4-4985-947E-711C6CA01FDA}"
	ProjectSection(ProjectDependencies) = postProject
		{0FCA466A-8CF2-45FE-83B5-609FA54723A7} = {0FCA466A-8CF2-45FE-83B5-609FA54723A7}
		{124AF924-5638-491E-A57D-F8B31B3896C8} = {124AF924-5638-491E-A57D-F8B31B3896C8}
		{3D98CBEE-8E84-46D8-B6CD-8B6BAF9500A2} = {3D98CBEE-8E84-46D8-B6CD-8B6BAF9500A2}
		{4CC8A262-0BFC-4373-AE46-67DEE0965243} = {4CC8A262-0BFC-4373-AE46-67DEE0965243}
		{8AC9D210-1B35-46F7-B05A-B81A7A7D8A6F} = {8AC9D210-1B35-46F7-B05A-B81A7A7D8A6F}
		{AB706F06-3827-47D8-8145-BAB169ED69AE} = {AB706F06-3827-47D8-8145-BAB169ED69AE}
	EndProjectSection
EndProject
Project("{8BC9CEB8-8B4A-11D0-8D11-00A0C91BC942}") = "ImgProc", "modules\ImgProc\ImgProc.vcxproj", "{C1237232-478F-4665-97A0-C71D5274B2F9}"
	ProjectSection(ProjectDependencies) = postProject
		{3D98CBEE-8E84-46D8-B6CD-8B6BAF9500A2} = {3D98CBEE-8E84-46D8-B6CD-8B6BAF9500A2}
		{4CC8A262-0BFC-4373-AE46-67DEE0965243} = {4CC8A262-0BFC-4373-AE46-67DEE0965243}
	EndProjectSection
EndProject
Project("{8BC9CEB8-8B4A-11D0-8D11-00A0C91BC942}") = "NormData", "modules\NormData\NormData.vcxproj", "{3248DEBE-B6DC-46EF-A2F2-33E4563E3D90}"
	ProjectSection(ProjectDependencies) = postProject
		{3D98CBEE-8E84-46D8-B6CD-8B6BAF9500A2} = {3D98CBEE-8E84-46D8-B6CD-8B6BAF9500A2}
		{4CC8A262-0BFC-4373-AE46-67DEE0965243} = {4CC8A262-0BFC-4373-AE46-67DEE0965243}
	EndProjectSection
EndProject
Project("{8BC9CEB8-8B4A-11D0-8D11-00A0C91BC942}") = "CorTopo", "modules\CorTopo\CorTopo.vcxproj", "{967F0DF2-2450-4EDE-9776-025912761C3D}"
	ProjectSection(ProjectDependencies) = postProject
		{0FCA466A-8CF2-45FE-83B5-609FA54723A7} = {0FCA466A-8CF2-45FE-83B5-609FA54723A7}
		{124AF924-5638-491E-A57D-F8B31B3896C8} = {124AF924-5638-491E-A57D-F8B31B3896C8}
		{3D98CBEE-8E84-46D8-B6CD-8B6BAF9500A2} = {3D98CBEE-8E84-46D8-B6CD-8B6BAF9500A2}
		{41117FA9-9BBD-47FD-8C40-95C2D231D054} = {41117FA9-9BBD-47FD-8C40-95C2D231D054}
		{4CC8A262-0BFC-4373-AE46-67DEE0965243} = {4CC8A262-0BFC-4373-AE46-67DEE0965243}
		{DF0FCE88-A0B7-4DDB-AD7D-5B772994674E} = {DF0FCE88-A0B7-4DDB-AD7D-5B772994674E}
	EndProjectSection
EndProject
Project("{8BC9CEB8-8B4A-11D0-8D11-00A0C91BC942}") = "HctModel", "projects\HctModel\HctModel.vcxproj", "{623CC9C0-9A46-4199-A2E2-620A7918013F}"
	ProjectSection(ProjectDependencies) = postProject
		{3D98CBEE-8E84-46D8-B6CD-8B6BAF9500A2} = {3D98CBEE-8E84-46D8-B6CD-8B6BAF9500A2}
		{416CE6DA-2F04-49A6-95E3-F7E840A11C90} = {416CE6DA-2F04-49A6-95E3-F7E840A11C90}
		{4CC8A262-0BFC-4373-AE46-67DEE0965243} = {4CC8A262-0BFC-4373-AE46-67DEE0965243}
		{DF0FCE88-A0B7-4DDB-AD7D-5B772994674E} = {DF0FCE88-A0B7-4DDB-AD7D-5B772994674E}
	EndProjectSection
EndProject
Project("{8BC9CEB8-8B4A-11D0-8D11-00A0C91BC942}") = "SemtSegm", "modules\SemtSegm\SemtSegm.vcxproj", "{416CE6DA-2F04-49A6-95E3-F7E840A11C90}"
	ProjectSection(ProjectDependencies) = postProject
		{3D98CBEE-8E84-46D8-B6CD-8B6BAF9500A2} = {3D98CBEE-8E84-46D8-B6CD-8B6BAF9500A2}
		{4CC8A262-0BFC-4373-AE46-67DEE0965243} = {4CC8A262-0BFC-4373-AE46-67DEE0965243}
		{DF0FCE88-A0B7-4DDB-AD7D-5B772994674E} = {DF0FCE88-A0B7-4DDB-AD7D-5B772994674E}
	EndProjectSection
EndProject
Project("{8BC9CEB8-8B4A-11D0-8D11-00A0C91BC942}") = "OctImport", "modules\OctImport\OctImport.vcxproj", "{7A583277-BDD3-49E7-B09C-A2E25BC26344}"
EndProject
Project("{8BC9CEB8-8B4A-11D0-8D11-00A0C91BC942}") = "OctAngio", "modules\OctAngio\OctAngio.vcxproj", "{466E48F9-F64C-4BF6-BF92-EE701CB576FD}"
EndProject
Project("{8BC9CEB8-8B4A-11D0-8D11-00A0C91BC942}") = "SemtRetina", "modules\SemtRetina\SemtRetina.vcxproj", "{77E44059-A3AC-4102-8703-403EEDE54C9E}"
	ProjectSection(ProjectDependencies) = postProject
		{3D98CBEE-8E84-46D8-B6CD-8B6BAF9500A2} = {3D98CBEE-8E84-46D8-B6CD-8B6BAF9500A2}
		{4CC8A262-0BFC-4373-AE46-67DEE0965243} = {4CC8A262-0BFC-4373-AE46-67DEE0965243}
		{DF0FCE88-A0B7-4DDB-AD7D-5B772994674E} = {DF0FCE88-A0B7-4DDB-AD7D-5B772994674E}
	EndProjectSection
EndProject
Project("{8BC9CEB8-8B4A-11D0-8D11-00A0C91BC942}") = "ScanReport", "projects\ScanReport\ScanReport.vcxproj", "{81F60CB8-0BE9-4DCC-ADBF-D1BB484A841F}"
EndProject
Global
	GlobalSection(SolutionConfigurationPlatforms) = preSolution
		Debug|Any CPU = Debug|Any CPU
		Debug|x64 = Debug|x64
		Debug|x86 = Debug|x86
		Release|Any CPU = Release|Any CPU
		Release|x64 = Release|x64
		Release|x86 = Release|x86
	EndGlobalSection
	GlobalSection(ProjectConfigurationPlatforms) = postSolution
		{1604E815-C14D-4B82-96C7-CF7E89F07562}.Debug|Any CPU.ActiveCfg = Debug|Win32
		{1604E815-C14D-4B82-96C7-CF7E89F07562}.Debug|x64.ActiveCfg = Debug|x64
		{1604E815-C14D-4B82-96C7-CF7E89F07562}.Debug|x64.Build.0 = Debug|x64
		{1604E815-C14D-4B82-96C7-CF7E89F07562}.Debug|x86.ActiveCfg = Debug|Win32
		{1604E815-C14D-4B82-96C7-CF7E89F07562}.Debug|x86.Build.0 = Debug|Win32
		{1604E815-C14D-4B82-96C7-CF7E89F07562}.Release|Any CPU.ActiveCfg = Release|Win32
		{1604E815-C14D-4B82-96C7-CF7E89F07562}.Release|x64.ActiveCfg = Release|x64
		{1604E815-C14D-4B82-96C7-CF7E89F07562}.Release|x64.Build.0 = Release|x64
		{1604E815-C14D-4B82-96C7-CF7E89F07562}.Release|x86.ActiveCfg = Release|Win32
		{691B30B9-B5E6-4AC3-B8C2-AE6BC76C503F}.Debug|Any CPU.ActiveCfg = Debug|Win32
		{691B30B9-B5E6-4AC3-B8C2-AE6BC76C503F}.Debug|x64.ActiveCfg = Debug|x64
		{691B30B9-B5E6-4AC3-B8C2-AE6BC76C503F}.Debug|x64.Build.0 = Debug|x64
		{691B30B9-B5E6-4AC3-B8C2-AE6BC76C503F}.Debug|x86.ActiveCfg = Debug|Win32
		{691B30B9-B5E6-4AC3-B8C2-AE6BC76C503F}.Debug|x86.Build.0 = Debug|Win32
		{691B30B9-B5E6-4AC3-B8C2-AE6BC76C503F}.Release|Any CPU.ActiveCfg = Release|Win32
		{691B30B9-B5E6-4AC3-B8C2-AE6BC76C503F}.Release|x64.ActiveCfg = Release|x64
		{691B30B9-B5E6-4AC3-B8C2-AE6BC76C503F}.Release|x64.Build.0 = Release|x64
		{691B30B9-B5E6-4AC3-B8C2-AE6BC76C503F}.Release|x86.ActiveCfg = Release|Win32
		{4CC8A262-0BFC-4373-AE46-67DEE0965243}.Debug|Any CPU.ActiveCfg = Debug|Win32
		{4CC8A262-0BFC-4373-AE46-67DEE0965243}.Debug|x64.ActiveCfg = Debug|x64
		{4CC8A262-0BFC-4373-AE46-67DEE0965243}.Debug|x64.Build.0 = Debug|x64
		{4CC8A262-0BFC-4373-AE46-67DEE0965243}.Debug|x86.ActiveCfg = Debug|Win32
		{4CC8A262-0BFC-4373-AE46-67DEE0965243}.Debug|x86.Build.0 = Debug|Win32
		{4CC8A262-0BFC-4373-AE46-67DEE0965243}.Release|Any CPU.ActiveCfg = Release|Win32
		{4CC8A262-0BFC-4373-AE46-67DEE0965243}.Release|x64.ActiveCfg = Release|x64
		{4CC8A262-0BFC-4373-AE46-67DEE0965243}.Release|x64.Build.0 = Release|x64
		{4CC8A262-0BFC-4373-AE46-67DEE0965243}.Release|x86.ActiveCfg = Release|Win32
		{4CC8A262-0BFC-4373-AE46-67DEE0965243}.Release|x86.Build.0 = Release|Win32
		{3B21A37F-68AC-48FB-95B0-3F68A2E82960}.Debug|Any CPU.ActiveCfg = Debug|Win32
		{3B21A37F-68AC-48FB-95B0-3F68A2E82960}.Debug|x64.ActiveCfg = Debug|x64
		{3B21A37F-68AC-48FB-95B0-3F68A2E82960}.Debug|x64.Build.0 = Debug|x64
		{3B21A37F-68AC-48FB-95B0-3F68A2E82960}.Debug|x86.ActiveCfg = Debug|Win32
		{3B21A37F-68AC-48FB-95B0-3F68A2E82960}.Debug|x86.Build.0 = Debug|Win32
		{3B21A37F-68AC-48FB-95B0-3F68A2E82960}.Release|Any CPU.ActiveCfg = Release|Win32
		{3B21A37F-68AC-48FB-95B0-3F68A2E82960}.Release|x64.ActiveCfg = Release|x64
		{3B21A37F-68AC-48FB-95B0-3F68A2E82960}.Release|x64.Build.0 = Release|x64
		{3B21A37F-68AC-48FB-95B0-3F68A2E82960}.Release|x86.ActiveCfg = Release|Win32
		{124AF924-5638-491E-A57D-F8B31B3896C8}.Debug|Any CPU.ActiveCfg = Debug|Win32
		{124AF924-5638-491E-A57D-F8B31B3896C8}.Debug|x64.ActiveCfg = Debug|x64
		{124AF924-5638-491E-A57D-F8B31B3896C8}.Debug|x64.Build.0 = Debug|x64
		{124AF924-5638-491E-A57D-F8B31B3896C8}.Debug|x86.ActiveCfg = Debug|Win32
		{124AF924-5638-491E-A57D-F8B31B3896C8}.Debug|x86.Build.0 = Debug|Win32
		{124AF924-5638-491E-A57D-F8B31B3896C8}.Release|Any CPU.ActiveCfg = Release|Win32
		{124AF924-5638-491E-A57D-F8B31B3896C8}.Release|x64.ActiveCfg = Release|x64
		{124AF924-5638-491E-A57D-F8B31B3896C8}.Release|x64.Build.0 = Release|x64
		{124AF924-5638-491E-A57D-F8B31B3896C8}.Release|x86.ActiveCfg = Release|Win32
		{124AF924-5638-491E-A57D-F8B31B3896C8}.Release|x86.Build.0 = Release|Win32
		{6995DE7D-D4E7-4C51-AA2F-080D816BBB33}.Debug|Any CPU.ActiveCfg = Debug|Win32
		{6995DE7D-D4E7-4C51-AA2F-080D816BBB33}.Debug|x64.ActiveCfg = Debug|x64
		{6995DE7D-D4E7-4C51-AA2F-080D816BBB33}.Debug|x64.Build.0 = Debug|x64
		{6995DE7D-D4E7-4C51-AA2F-080D816BBB33}.Debug|x86.ActiveCfg = Debug|Win32
		{6995DE7D-D4E7-4C51-AA2F-080D816BBB33}.Debug|x86.Build.0 = Debug|Win32
		{6995DE7D-D4E7-4C51-AA2F-080D816BBB33}.Release|Any CPU.ActiveCfg = Release|Win32
		{6995DE7D-D4E7-4C51-AA2F-080D816BBB33}.Release|x64.ActiveCfg = Release|x64
		{6995DE7D-D4E7-4C51-AA2F-080D816BBB33}.Release|x64.Build.0 = Release|x64
		{6995DE7D-D4E7-4C51-AA2F-080D816BBB33}.Release|x86.ActiveCfg = Release|Win32
		{3D98CBEE-8E84-46D8-B6CD-8B6BAF9500A2}.Debug|Any CPU.ActiveCfg = Debug|Win32
		{3D98CBEE-8E84-46D8-B6CD-8B6BAF9500A2}.Debug|x64.ActiveCfg = Debug|x64
		{3D98CBEE-8E84-46D8-B6CD-8B6BAF9500A2}.Debug|x64.Build.0 = Debug|x64
		{3D98CBEE-8E84-46D8-B6CD-8B6BAF9500A2}.Debug|x86.ActiveCfg = Debug|Win32
		{3D98CBEE-8E84-46D8-B6CD-8B6BAF9500A2}.Debug|x86.Build.0 = Debug|Win32
		{3D98CBEE-8E84-46D8-B6CD-8B6BAF9500A2}.Release|Any CPU.ActiveCfg = Release|Win32
		{3D98CBEE-8E84-46D8-B6CD-8B6BAF9500A2}.Release|x64.ActiveCfg = Release|x64
		{3D98CBEE-8E84-46D8-B6CD-8B6BAF9500A2}.Release|x64.Build.0 = Release|x64
		{3D98CBEE-8E84-46D8-B6CD-8B6BAF9500A2}.Release|x86.ActiveCfg = Release|Win32
		{3D98CBEE-8E84-46D8-B6CD-8B6BAF9500A2}.Release|x86.Build.0 = Release|Win32
		{83DC243E-75F3-4EE1-98F7-B8009AE1CCD2}.Debug|Any CPU.ActiveCfg = Debug|Win32
		{83DC243E-75F3-4EE1-98F7-B8009AE1CCD2}.Debug|x64.ActiveCfg = Debug|x64
		{83DC243E-75F3-4EE1-98F7-B8009AE1CCD2}.Debug|x64.Build.0 = Debug|x64
		{83DC243E-75F3-4EE1-98F7-B8009AE1CCD2}.Debug|x86.ActiveCfg = Debug|Win32
		{83DC243E-75F3-4EE1-98F7-B8009AE1CCD2}.Debug|x86.Build.0 = Debug|Win32
		{83DC243E-75F3-4EE1-98F7-B8009AE1CCD2}.Release|Any CPU.ActiveCfg = Release|Win32
		{83DC243E-75F3-4EE1-98F7-B8009AE1CCD2}.Release|x64.ActiveCfg = Release|x64
		{83DC243E-75F3-4EE1-98F7-B8009AE1CCD2}.Release|x64.Build.0 = Release|x64
		{83DC243E-75F3-4EE1-98F7-B8009AE1CCD2}.Release|x86.ActiveCfg = Release|Win32
		{C1E42DB2-B34C-4955-ACC7-F6E604E28411}.Debug|Any CPU.ActiveCfg = Debug|Win32
		{C1E42DB2-B34C-4955-ACC7-F6E604E28411}.Debug|x64.ActiveCfg = Debug|x64
		{C1E42DB2-B34C-4955-ACC7-F6E604E28411}.Debug|x64.Build.0 = Debug|x64
		{C1E42DB2-B34C-4955-ACC7-F6E604E28411}.Debug|x86.ActiveCfg = Debug|Win32
		{C1E42DB2-B34C-4955-ACC7-F6E604E28411}.Debug|x86.Build.0 = Debug|Win32
		{C1E42DB2-B34C-4955-ACC7-F6E604E28411}.Release|Any CPU.ActiveCfg = Release|Win32
		{C1E42DB2-B34C-4955-ACC7-F6E604E28411}.Release|x64.ActiveCfg = Release|x64
		{C1E42DB2-B34C-4955-ACC7-F6E604E28411}.Release|x64.Build.0 = Release|x64
		{C1E42DB2-B34C-4955-ACC7-F6E604E28411}.Release|x86.ActiveCfg = Release|Win32
		{C1E42DB2-B34C-4955-ACC7-F6E604E28411}.Release|x86.Build.0 = Release|Win32
		{8AC9D210-1B35-46F7-B05A-B81A7A7D8A6F}.Debug|Any CPU.ActiveCfg = Debug|Win32
		{8AC9D210-1B35-46F7-B05A-B81A7A7D8A6F}.Debug|x64.ActiveCfg = Debug|x64
		{8AC9D210-1B35-46F7-B05A-B81A7A7D8A6F}.Debug|x64.Build.0 = Debug|x64
		{8AC9D210-1B35-46F7-B05A-B81A7A7D8A6F}.Debug|x86.ActiveCfg = Debug|Win32
		{8AC9D210-1B35-46F7-B05A-B81A7A7D8A6F}.Debug|x86.Build.0 = Debug|Win32
		{8AC9D210-1B35-46F7-B05A-B81A7A7D8A6F}.Release|Any CPU.ActiveCfg = Release|Win32
		{8AC9D210-1B35-46F7-B05A-B81A7A7D8A6F}.Release|x64.ActiveCfg = Release|x64
		{8AC9D210-1B35-46F7-B05A-B81A7A7D8A6F}.Release|x64.Build.0 = Release|x64
		{8AC9D210-1B35-46F7-B05A-B81A7A7D8A6F}.Release|x86.ActiveCfg = Release|Win32
		{8AC9D210-1B35-46F7-B05A-B81A7A7D8A6F}.Release|x86.Build.0 = Release|Win32
		{2856F8CC-2AC0-4D1A-AE95-C9FE1B7CFF3D}.Debug|Any CPU.ActiveCfg = Debug|Win32
		{2856F8CC-2AC0-4D1A-AE95-C9FE1B7CFF3D}.Debug|x64.ActiveCfg = Debug|x64
		{2856F8CC-2AC0-4D1A-AE95-C9FE1B7CFF3D}.Debug|x64.Build.0 = Debug|x64
		{2856F8CC-2AC0-4D1A-AE95-C9FE1B7CFF3D}.Debug|x86.ActiveCfg = Debug|Win32
		{2856F8CC-2AC0-4D1A-AE95-C9FE1B7CFF3D}.Debug|x86.Build.0 = Debug|Win32
		{2856F8CC-2AC0-4D1A-AE95-C9FE1B7CFF3D}.Release|Any CPU.ActiveCfg = Release|Win32
		{2856F8CC-2AC0-4D1A-AE95-C9FE1B7CFF3D}.Release|x64.ActiveCfg = Release|x64
		{2856F8CC-2AC0-4D1A-AE95-C9FE1B7CFF3D}.Release|x64.Build.0 = Release|x64
		{2856F8CC-2AC0-4D1A-AE95-C9FE1B7CFF3D}.Release|x86.ActiveCfg = Release|Win32
		{41117FA9-9BBD-47FD-8C40-95C2D231D054}.Debug|Any CPU.ActiveCfg = Debug|Win32
		{41117FA9-9BBD-47FD-8C40-95C2D231D054}.Debug|x64.ActiveCfg = Debug|x64
		{41117FA9-9BBD-47FD-8C40-95C2D231D054}.Debug|x64.Build.0 = Debug|x64
		{41117FA9-9BBD-47FD-8C40-95C2D231D054}.Debug|x86.ActiveCfg = Debug|Win32
		{41117FA9-9BBD-47FD-8C40-95C2D231D054}.Debug|x86.Build.0 = Debug|Win32
		{41117FA9-9BBD-47FD-8C40-95C2D231D054}.Release|Any CPU.ActiveCfg = Release|Win32
		{41117FA9-9BBD-47FD-8C40-95C2D231D054}.Release|x64.ActiveCfg = Release|x64
		{41117FA9-9BBD-47FD-8C40-95C2D231D054}.Release|x64.Build.0 = Release|x64
		{41117FA9-9BBD-47FD-8C40-95C2D231D054}.Release|x86.ActiveCfg = Release|Win32
		{41117FA9-9BBD-47FD-8C40-95C2D231D054}.Release|x86.Build.0 = Release|Win32
		{DF0FCE88-A0B7-4DDB-AD7D-5B772994674E}.Debug|Any CPU.ActiveCfg = Debug|Win32
		{DF0FCE88-A0B7-4DDB-AD7D-5B772994674E}.Debug|x64.ActiveCfg = Debug|x64
		{DF0FCE88-A0B7-4DDB-AD7D-5B772994674E}.Debug|x64.Build.0 = Debug|x64
		{DF0FCE88-A0B7-4DDB-AD7D-5B772994674E}.Debug|x86.ActiveCfg = Debug|Win32
		{DF0FCE88-A0B7-4DDB-AD7D-5B772994674E}.Debug|x86.Build.0 = Debug|Win32
		{DF0FCE88-A0B7-4DDB-AD7D-5B772994674E}.Release|Any CPU.ActiveCfg = Release|Win32
		{DF0FCE88-A0B7-4DDB-AD7D-5B772994674E}.Release|x64.ActiveCfg = Release|x64
		{DF0FCE88-A0B7-4DDB-AD7D-5B772994674E}.Release|x64.Build.0 = Release|x64
		{DF0FCE88-A0B7-4DDB-AD7D-5B772994674E}.Release|x86.ActiveCfg = Release|Win32
		{DF0FCE88-A0B7-4DDB-AD7D-5B772994674E}.Release|x86.Build.0 = Release|Win32
		{AF309463-0467-49A3-BAA3-BF4DE4516B81}.Debug|Any CPU.ActiveCfg = Debug|Win32
		{AF309463-0467-49A3-BAA3-BF4DE4516B81}.Debug|x64.ActiveCfg = Debug|x64
		{AF309463-0467-49A3-BAA3-BF4DE4516B81}.Debug|x64.Build.0 = Debug|x64
		{AF309463-0467-49A3-BAA3-BF4DE4516B81}.Debug|x86.ActiveCfg = Debug|Win32
		{AF309463-0467-49A3-BAA3-BF4DE4516B81}.Debug|x86.Build.0 = Debug|Win32
		{AF309463-0467-49A3-BAA3-BF4DE4516B81}.Release|Any CPU.ActiveCfg = Release|Win32
		{AF309463-0467-49A3-BAA3-BF4DE4516B81}.Release|x64.ActiveCfg = Release|x64
		{AF309463-0467-49A3-BAA3-BF4DE4516B81}.Release|x64.Build.0 = Release|x64
		{AF309463-0467-49A3-BAA3-BF4DE4516B81}.Release|x86.ActiveCfg = Release|Win32
		{AF309463-0467-49A3-BAA3-BF4DE4516B81}.Release|x86.Build.0 = Release|Win32
		{0FCA466A-8CF2-45FE-83B5-609FA54723A7}.Debug|Any CPU.ActiveCfg = Debug|Win32
		{0FCA466A-8CF2-45FE-83B5-609FA54723A7}.Debug|x64.ActiveCfg = Debug|x64
		{0FCA466A-8CF2-45FE-83B5-609FA54723A7}.Debug|x64.Build.0 = Debug|x64
		{0FCA466A-8CF2-45FE-83B5-609FA54723A7}.Debug|x86.ActiveCfg = Debug|Win32
		{0FCA466A-8CF2-45FE-83B5-609FA54723A7}.Debug|x86.Build.0 = Debug|Win32
		{0FCA466A-8CF2-45FE-83B5-609FA54723A7}.Release|Any CPU.ActiveCfg = Release|Win32
		{0FCA466A-8CF2-45FE-83B5-609FA54723A7}.Release|x64.ActiveCfg = Release|x64
		{0FCA466A-8CF2-45FE-83B5-609FA54723A7}.Release|x64.Build.0 = Release|x64
		{0FCA466A-8CF2-45FE-83B5-609FA54723A7}.Release|x86.ActiveCfg = Release|Win32
		{0FCA466A-8CF2-45FE-83B5-609FA54723A7}.Release|x86.Build.0 = Release|Win32
		{F2C43094-41DC-4819-9577-5B636E763550}.Debug|Any CPU.ActiveCfg = Debug|Win32
		{F2C43094-41DC-4819-9577-5B636E763550}.Debug|x64.ActiveCfg = Debug|x64
		{F2C43094-41DC-4819-9577-5B636E763550}.Debug|x64.Build.0 = Debug|x64
		{F2C43094-41DC-4819-9577-5B636E763550}.Debug|x86.ActiveCfg = Debug|Win32
		{F2C43094-41DC-4819-9577-5B636E763550}.Debug|x86.Build.0 = Debug|Win32
		{F2C43094-41DC-4819-9577-5B636E763550}.Release|Any CPU.ActiveCfg = Release|Win32
		{F2C43094-41DC-4819-9577-5B636E763550}.Release|x64.ActiveCfg = Release|x64
		{F2C43094-41DC-4819-9577-5B636E763550}.Release|x64.Build.0 = Release|x64
		{F2C43094-41DC-4819-9577-5B636E763550}.Release|x86.ActiveCfg = Release|Win32
		{F2C43094-41DC-4819-9577-5B636E763550}.Release|x86.Build.0 = Release|Win32
		{D92A0707-6E2C-4A58-826C-CE11AA209327}.Debug|Any CPU.ActiveCfg = Debug|Win32
		{D92A0707-6E2C-4A58-826C-CE11AA209327}.Debug|x64.ActiveCfg = Debug|x64
		{D92A0707-6E2C-4A58-826C-CE11AA209327}.Debug|x64.Build.0 = Debug|x64
		{D92A0707-6E2C-4A58-826C-CE11AA209327}.Debug|x86.ActiveCfg = Debug|Win32
		{D92A0707-6E2C-4A58-826C-CE11AA209327}.Debug|x86.Build.0 = Debug|Win32
		{D92A0707-6E2C-4A58-826C-CE11AA209327}.Release|Any CPU.ActiveCfg = Release|Win32
		{D92A0707-6E2C-4A58-826C-CE11AA209327}.Release|x64.ActiveCfg = Release|x64
		{D92A0707-6E2C-4A58-826C-CE11AA209327}.Release|x64.Build.0 = Release|x64
		{D92A0707-6E2C-4A58-826C-CE11AA209327}.Release|x86.ActiveCfg = Release|Win32
		{D92A0707-6E2C-4A58-826C-CE11AA209327}.Release|x86.Build.0 = Release|Win32
		{8D75EAAD-213B-4E0E-A39A-D803FE93C776}.Debug|Any CPU.ActiveCfg = Debug|Win32
		{8D75EAAD-213B-4E0E-A39A-D803FE93C776}.Debug|x64.ActiveCfg = Debug|x64
		{8D75EAAD-213B-4E0E-A39A-D803FE93C776}.Debug|x64.Build.0 = Debug|x64
		{8D75EAAD-213B-4E0E-A39A-D803FE93C776}.Debug|x86.ActiveCfg = Debug|Win32
		{8D75EAAD-213B-4E0E-A39A-D803FE93C776}.Debug|x86.Build.0 = Debug|Win32
		{8D75EAAD-213B-4E0E-A39A-D803FE93C776}.Release|Any CPU.ActiveCfg = Release|Win32
		{8D75EAAD-213B-4E0E-A39A-D803FE93C776}.Release|x64.ActiveCfg = Release|x64
		{8D75EAAD-213B-4E0E-A39A-D803FE93C776}.Release|x64.Build.0 = Release|x64
		{8D75EAAD-213B-4E0E-A39A-D803FE93C776}.Release|x86.ActiveCfg = Release|Win32
		{AB706F06-3827-47D8-8145-BAB169ED69AE}.Debug|Any CPU.ActiveCfg = Debug|Win32
		{AB706F06-3827-47D8-8145-BAB169ED69AE}.Debug|x64.ActiveCfg = Debug|x64
		{AB706F06-3827-47D8-8145-BAB169ED69AE}.Debug|x64.Build.0 = Debug|x64
		{AB706F06-3827-47D8-8145-BAB169ED69AE}.Debug|x86.ActiveCfg = Debug|Win32
		{AB706F06-3827-47D8-8145-BAB169ED69AE}.Debug|x86.Build.0 = Debug|Win32
		{AB706F06-3827-47D8-8145-BAB169ED69AE}.Release|Any CPU.ActiveCfg = Release|Win32
		{AB706F06-3827-47D8-8145-BAB169ED69AE}.Release|x64.ActiveCfg = Release|x64
		{AB706F06-3827-47D8-8145-BAB169ED69AE}.Release|x64.Build.0 = Release|x64
		{AB706F06-3827-47D8-8145-BAB169ED69AE}.Release|x86.ActiveCfg = Release|Win32
		{AB706F06-3827-47D8-8145-BAB169ED69AE}.Release|x86.Build.0 = Release|Win32
		{08E450A7-450F-4D75-BDFC-FEF3ACF8E2BC}.Debug|Any CPU.ActiveCfg = Debug|Win32
		{08E450A7-450F-4D75-BDFC-FEF3ACF8E2BC}.Debug|x64.ActiveCfg = Debug|x64
		{08E450A7-450F-4D75-BDFC-FEF3ACF8E2BC}.Debug|x64.Build.0 = Debug|x64
		{08E450A7-450F-4D75-BDFC-FEF3ACF8E2BC}.Debug|x86.ActiveCfg = Debug|Win32
		{08E450A7-450F-4D75-BDFC-FEF3ACF8E2BC}.Debug|x86.Build.0 = Debug|Win32
		{08E450A7-450F-4D75-BDFC-FEF3ACF8E2BC}.Release|Any CPU.ActiveCfg = Release|Win32
		{08E450A7-450F-4D75-BDFC-FEF3ACF8E2BC}.Release|x64.ActiveCfg = Release|x64
		{08E450A7-450F-4D75-BDFC-FEF3ACF8E2BC}.Release|x64.Build.0 = Release|x64
		{08E450A7-450F-4D75-BDFC-FEF3ACF8E2BC}.Release|x86.ActiveCfg = Release|Win32
		{30C4B770-91B4-4985-947E-711C6CA01FDA}.Debug|Any CPU.ActiveCfg = Debug|Win32
		{30C4B770-91B4-4985-947E-711C6CA01FDA}.Debug|x64.ActiveCfg = Debug|x64
		{30C4B770-91B4-4985-947E-711C6CA01FDA}.Debug|x64.Build.0 = Debug|x64
		{30C4B770-91B4-4985-947E-711C6CA01FDA}.Debug|x86.ActiveCfg = Debug|Win32
		{30C4B770-91B4-4985-947E-711C6CA01FDA}.Debug|x86.Build.0 = Debug|Win32
		{30C4B770-91B4-4985-947E-711C6CA01FDA}.Release|Any CPU.ActiveCfg = Release|Win32
		{30C4B770-91B4-4985-947E-711C6CA01FDA}.Release|x64.ActiveCfg = Release|x64
		{30C4B770-91B4-4985-947E-711C6CA01FDA}.Release|x64.Build.0 = Release|x64
		{30C4B770-91B4-4985-947E-711C6CA01FDA}.Release|x86.ActiveCfg = Release|Win32
		{30C4B770-91B4-4985-947E-711C6CA01FDA}.Release|x86.Build.0 = Release|Win32
		{C1237232-478F-4665-97A0-C71D5274B2F9}.Debug|Any CPU.ActiveCfg = Debug|Win32
		{C1237232-478F-4665-97A0-C71D5274B2F9}.Debug|x64.ActiveCfg = Debug|x64
		{C1237232-478F-4665-97A0-C71D5274B2F9}.Debug|x64.Build.0 = Debug|x64
		{C1237232-478F-4665-97A0-C71D5274B2F9}.Debug|x86.ActiveCfg = Debug|Win32
		{C1237232-478F-4665-97A0-C71D5274B2F9}.Debug|x86.Build.0 = Debug|Win32
		{C1237232-478F-4665-97A0-C71D5274B2F9}.Release|Any CPU.ActiveCfg = Release|Win32
		{C1237232-478F-4665-97A0-C71D5274B2F9}.Release|x64.ActiveCfg = Release|x64
		{C1237232-478F-4665-97A0-C71D5274B2F9}.Release|x64.Build.0 = Release|x64
		{C1237232-478F-4665-97A0-C71D5274B2F9}.Release|x86.ActiveCfg = Release|Win32
		{3248DEBE-B6DC-46EF-A2F2-33E4563E3D90}.Debug|Any CPU.ActiveCfg = Debug|Win32
		{3248DEBE-B6DC-46EF-A2F2-33E4563E3D90}.Debug|x64.ActiveCfg = Debug|x64
		{3248DEBE-B6DC-46EF-A2F2-33E4563E3D90}.Debug|x64.Build.0 = Debug|x64
		{3248DEBE-B6DC-46EF-A2F2-33E4563E3D90}.Debug|x86.ActiveCfg = Debug|Win32
		{3248DEBE-B6DC-46EF-A2F2-33E4563E3D90}.Debug|x86.Build.0 = Debug|Win32
		{3248DEBE-B6DC-46EF-A2F2-33E4563E3D90}.Release|Any CPU.ActiveCfg = Release|Win32
		{3248DEBE-B6DC-46EF-A2F2-33E4563E3D90}.Release|x64.ActiveCfg = Release|x64
		{3248DEBE-B6DC-46EF-A2F2-33E4563E3D90}.Release|x64.Build.0 = Release|x64
		{3248DEBE-B6DC-46EF-A2F2-33E4563E3D90}.Release|x86.ActiveCfg = Release|Win32
		{3248DEBE-B6DC-46EF-A2F2-33E4563E3D90}.Release|x86.Build.0 = Release|Win32
		{967F0DF2-2450-4EDE-9776-025912761C3D}.Debug|Any CPU.ActiveCfg = Debug|Win32
		{967F0DF2-2450-4EDE-9776-025912761C3D}.Debug|x64.ActiveCfg = Debug|x64
		{967F0DF2-2450-4EDE-9776-025912761C3D}.Debug|x64.Build.0 = Debug|x64
		{967F0DF2-2450-4EDE-9776-025912761C3D}.Debug|x86.ActiveCfg = Debug|Win32
		{967F0DF2-2450-4EDE-9776-025912761C3D}.Debug|x86.Build.0 = Debug|Win32
		{967F0DF2-2450-4EDE-9776-025912761C3D}.Release|Any CPU.ActiveCfg = Release|Win32
		{967F0DF2-2450-4EDE-9776-025912761C3D}.Release|x64.ActiveCfg = Release|x64
		{967F0DF2-2450-4EDE-9776-025912761C3D}.Release|x64.Build.0 = Release|x64
		{967F0DF2-2450-4EDE-9776-025912761C3D}.Release|x86.ActiveCfg = Release|Win32
		{623CC9C0-9A46-4199-A2E2-620A7918013F}.Debug|Any CPU.ActiveCfg = Debug|Win32
		{623CC9C0-9A46-4199-A2E2-620A7918013F}.Debug|x64.ActiveCfg = Debug|x64
		{623CC9C0-9A46-4199-A2E2-620A7918013F}.Debug|x64.Build.0 = Debug|x64
		{623CC9C0-9A46-4199-A2E2-620A7918013F}.Debug|x86.ActiveCfg = Debug|Win32
		{623CC9C0-9A46-4199-A2E2-620A7918013F}.Debug|x86.Build.0 = Debug|Win32
		{623CC9C0-9A46-4199-A2E2-620A7918013F}.Release|Any CPU.ActiveCfg = Release|Win32
		{623CC9C0-9A46-4199-A2E2-620A7918013F}.Release|x64.ActiveCfg = Release|x64
		{623CC9C0-9A46-4199-A2E2-620A7918013F}.Release|x64.Build.0 = Release|x64
		{623CC9C0-9A46-4199-A2E2-620A7918013F}.Release|x86.ActiveCfg = Release|Win32
		{416CE6DA-2F04-49A6-95E3-F7E840A11C90}.Debug|Any CPU.ActiveCfg = Debug|Win32
		{416CE6DA-2F04-49A6-95E3-F7E840A11C90}.Debug|x64.ActiveCfg = Debug|x64
		{416CE6DA-2F04-49A6-95E3-F7E840A11C90}.Debug|x64.Build.0 = Debug|x64
		{416CE6DA-2F04-49A6-95E3-F7E840A11C90}.Debug|x86.ActiveCfg = Debug|Win32
		{416CE6DA-2F04-49A6-95E3-F7E840A11C90}.Debug|x86.Build.0 = Debug|Win32
		{416CE6DA-2F04-49A6-95E3-F7E840A11C90}.Release|Any CPU.ActiveCfg = Release|Win32
		{416CE6DA-2F04-49A6-95E3-F7E840A11C90}.Release|x64.ActiveCfg = Release|x64
		{416CE6DA-2F04-49A6-95E3-F7E840A11C90}.Release|x64.Build.0 = Release|x64
		{416CE6DA-2F04-49A6-95E3-F7E840A11C90}.Release|x86.ActiveCfg = Release|Win32
		{7A583277-BDD3-49E7-B09C-A2E25BC26344}.Debug|Any CPU.ActiveCfg = Debug|Win32
		{7A583277-BDD3-49E7-B09C-A2E25BC26344}.Debug|x64.ActiveCfg = Debug|x64
		{7A583277-BDD3-49E7-B09C-A2E25BC26344}.Debug|x64.Build.0 = Debug|x64
		{7A583277-BDD3-49E7-B09C-A2E25BC26344}.Debug|x86.ActiveCfg = Debug|Win32
		{7A583277-BDD3-49E7-B09C-A2E25BC26344}.Debug|x86.Build.0 = Debug|Win32
		{7A583277-BDD3-49E7-B09C-A2E25BC26344}.Release|Any CPU.ActiveCfg = Release|Win32
		{7A583277-BDD3-49E7-B09C-A2E25BC26344}.Release|x64.ActiveCfg = Release|x64
		{7A583277-BDD3-49E7-B09C-A2E25BC26344}.Release|x64.Build.0 = Release|x64
		{7A583277-BDD3-49E7-B09C-A2E25BC26344}.Release|x86.ActiveCfg = Release|Win32
		{7A583277-BDD3-49E7-B09C-A2E25BC26344}.Release|x86.Build.0 = Release|Win32
		{466E48F9-F64C-4BF6-BF92-EE701CB576FD}.Debug|Any CPU.ActiveCfg = Debug|x64
		{466E48F9-F64C-4BF6-BF92-EE701CB576FD}.Debug|Any CPU.Build.0 = Debug|x64
		{466E48F9-F64C-4BF6-BF92-EE701CB576FD}.Debug|x64.ActiveCfg = Debug|x64
		{466E48F9-F64C-4BF6-BF92-EE701CB576FD}.Debug|x64.Build.0 = Debug|x64
		{466E48F9-F64C-4BF6-BF92-EE701CB576FD}.Debug|x86.ActiveCfg = Debug|Win32
		{466E48F9-F64C-4BF6-BF92-EE701CB576FD}.Debug|x86.Build.0 = Debug|Win32
		{466E48F9-F64C-4BF6-BF92-EE701CB576FD}.Release|Any CPU.ActiveCfg = Release|x64
		{466E48F9-F64C-4BF6-BF92-EE701CB576FD}.Release|Any CPU.Build.0 = Release|x64
		{466E48F9-F64C-4BF6-BF92-EE701CB576FD}.Release|x64.ActiveCfg = Release|x64
		{466E48F9-F64C-4BF6-BF92-EE701CB576FD}.Release|x64.Build.0 = Release|x64
		{466E48F9-F64C-4BF6-BF92-EE701CB576FD}.Release|x86.ActiveCfg = Release|Win32
		{466E48F9-F64C-4BF6-BF92-EE701CB576FD}.Release|x86.Build.0 = Release|Win32
		{77E44059-A3AC-4102-8703-403EEDE54C9E}.Debug|Any CPU.ActiveCfg = Debug|x64
		{77E44059-A3AC-4102-8703-403EEDE54C9E}.Debug|Any CPU.Build.0 = Debug|x64
		{77E44059-A3AC-4102-8703-403EEDE54C9E}.Debug|x64.ActiveCfg = Debug|x64
		{77E44059-A3AC-4102-8703-403EEDE54C9E}.Debug|x64.Build.0 = Debug|x64
		{77E44059-A3AC-4102-8703-403EEDE54C9E}.Debug|x86.ActiveCfg = Debug|Win32
		{77E44059-A3AC-4102-8703-403EEDE54C9E}.Debug|x86.Build.0 = Debug|Win32
		{77E44059-A3AC-4102-8703-403EEDE54C9E}.Release|Any CPU.ActiveCfg = Release|x64
		{77E44059-A3AC-4102-8703-403EEDE54C9E}.Release|Any CPU.Build.0 = Release|x64
		{77E44059-A3AC-4102-8703-403EEDE54C9E}.Release|x64.ActiveCfg = Release|x64
		{77E44059-A3AC-4102-8703-403EEDE54C9E}.Release|x64.Build.0 = Release|x64
		{77E44059-A3AC-4102-8703-403EEDE54C9E}.Release|x86.ActiveCfg = Release|Win32
		{77E44059-A3AC-4102-8703-403EEDE54C9E}.Release|x86.Build.0 = Release|Win32
		{81F60CB8-0BE9-4DCC-ADBF-D1BB484A841F}.Debug|Any CPU.ActiveCfg = Debug|x64
		{81F60CB8-0BE9-4DCC-ADBF-D1BB484A841F}.Debug|Any CPU.Build.0 = Debug|x64
		{81F60CB8-0BE9-4DCC-ADBF-D1BB484A841F}.Debug|x64.ActiveCfg = Debug|x64
		{81F60CB8-0BE9-4DCC-ADBF-D1BB484A841F}.Debug|x64.Build.0 = Debug|x64
		{81F60CB8-0BE9-4DCC-ADBF-D1BB484A841F}.Debug|x86.ActiveCfg = Debug|Win32
		{81F60CB8-0BE9-4DCC-ADBF-D1BB484A841F}.Debug|x86.Build.0 = Debug|Win32
		{81F60CB8-0BE9-4DCC-ADBF-D1BB484A841F}.Release|Any CPU.ActiveCfg = Release|x64
		{81F60CB8-0BE9-4DCC-ADBF-D1BB484A841F}.Release|Any CPU.Build.0 = Release|x64
		{81F60CB8-0BE9-4DCC-ADBF-D1BB484A841F}.Release|x64.ActiveCfg = Release|x64
		{81F60CB8-0BE9-4DCC-ADBF-D1BB484A841F}.Release|x64.Build.0 = Release|x64
		{81F60CB8-0BE9-4DCC-ADBF-D1BB484A841F}.Release|x86.ActiveCfg = Release|Win32
		{81F60CB8-0BE9-4DCC-ADBF-D1BB484A841F}.Release|x86.Build.0 = Release|Win32
	EndGlobalSection
	GlobalSection(SolutionProperties) = preSolution
		HideSolutionNode = FALSE
	EndGlobalSection
	GlobalSection(NestedProjects) = preSolution
		{1604E815-C14D-4B82-96C7-CF7E89F07562} = {58122A52-28C1-42A4-B9C3-B090A579D02A}
		{691B30B9-B5E6-4AC3-B8C2-AE6BC76C503F} = {63D7EB65-DEBF-4A1E-B547-64F25673B223}
		{4CC8A262-0BFC-4373-AE46-67DEE0965243} = {58122A52-28C1-42A4-B9C3-B090A579D02A}
		{3B21A37F-68AC-48FB-95B0-3F68A2E82960} = {58122A52-28C1-42A4-B9C3-B090A579D02A}
		{124AF924-5638-491E-A57D-F8B31B3896C8} = {58122A52-28C1-42A4-B9C3-B090A579D02A}
		{6995DE7D-D4E7-4C51-AA2F-080D816BBB33} = {58122A52-28C1-42A4-B9C3-B090A579D02A}
		{3D98CBEE-8E84-46D8-B6CD-8B6BAF9500A2} = {58122A52-28C1-42A4-B9C3-B090A579D02A}
		{83DC243E-75F3-4EE1-98F7-B8009AE1CCD2} = {58122A52-28C1-42A4-B9C3-B090A579D02A}
		{C1E42DB2-B34C-4955-ACC7-F6E604E28411} = {58122A52-28C1-42A4-B9C3-B090A579D02A}
		{8AC9D210-1B35-46F7-B05A-B81A7A7D8A6F} = {58122A52-28C1-42A4-B9C3-B090A579D02A}
		{2856F8CC-2AC0-4D1A-AE95-C9FE1B7CFF3D} = {58122A52-28C1-42A4-B9C3-B090A579D02A}
		{41117FA9-9BBD-47FD-8C40-95C2D231D054} = {58122A52-28C1-42A4-B9C3-B090A579D02A}
		{DF0FCE88-A0B7-4DDB-AD7D-5B772994674E} = {58122A52-28C1-42A4-B9C3-B090A579D02A}
		{AF309463-0467-49A3-BAA3-BF4DE4516B81} = {58122A52-28C1-42A4-B9C3-B090A579D02A}
		{0FCA466A-8CF2-45FE-83B5-609FA54723A7} = {58122A52-28C1-42A4-B9C3-B090A579D02A}
		{F2C43094-41DC-4819-9577-5B636E763550} = {58122A52-28C1-42A4-B9C3-B090A579D02A}
		{D92A0707-6E2C-4A58-826C-CE11AA209327} = {58122A52-28C1-42A4-B9C3-B090A579D02A}
		{8D75EAAD-213B-4E0E-A39A-D803FE93C776} = {58122A52-28C1-42A4-B9C3-B090A579D02A}
		{AB706F06-3827-47D8-8145-BAB169ED69AE} = {58122A52-28C1-42A4-B9C3-B090A579D02A}
		{08E450A7-450F-4D75-BDFC-FEF3ACF8E2BC} = {63D7EB65-DEBF-4A1E-B547-64F25673B223}
		{30C4B770-91B4-4985-947E-711C6CA01FDA} = {58122A52-28C1-42A4-B9C3-B090A579D02A}
		{C1237232-478F-4665-97A0-C71D5274B2F9} = {58122A52-28C1-42A4-B9C3-B090A579D02A}
		{3248DEBE-B6DC-46EF-A2F2-33E4563E3D90} = {58122A52-28C1-42A4-B9C3-B090A579D02A}
		{967F0DF2-2450-4EDE-9776-025912761C3D} = {58122A52-28C1-42A4-B9C3-B090A579D02A}
		{623CC9C0-9A46-4199-A2E2-620A7918013F} = {63D7EB65-DEBF-4A1E-B547-64F25673B223}
		{416CE6DA-2F04-49A6-95E3-F7E840A11C90} = {58122A52-28C1-42A4-B9C3-B090A579D02A}
		{7A583277-BDD3-49E7-B09C-A2E25BC26344} = {58122A52-28C1-42A4-B9C3-B090A579D02A}
		{466E48F9-F64C-4BF6-BF92-EE701CB576FD} = {58122A52-28C1-42A4-B9C3-B090A579D02A}
		{77E44059-A3AC-4102-8703-403EEDE54C9E} = {58122A52-28C1-42A4-B9C3-B090A579D02A}
		{81F60CB8-0BE9-4DCC-ADBF-D1BB484A841F} = {63D7EB65-DEBF-4A1E-B547-64F25673B223}
	EndGlobalSection
	GlobalSection(ExtensibilityGlobals) = postSolution
		SolutionGuid = {5E2D53C5-5979-479C-A693-569C5555F1CD}
	EndGlobalSection
EndGlobal
