<?xml version="1.0" encoding="utf-8"?>
<Project ToolsVersion="4.0" xmlns="http://schemas.microsoft.com/developer/msbuild/2003">
  <ItemGroup>
    <Filter Include="Source Files">
      <UniqueIdentifier>{4FC737F1-C7A5-4376-A066-2A32D752A2FF}</UniqueIdentifier>
      <Extensions>cpp;c;cc;cxx;def;odl;idl;hpj;bat;asm;asmx</Extensions>
    </Filter>
    <Filter Include="Header Files">
      <UniqueIdentifier>{93995380-89BD-4b04-88EB-625FBE52EBFB}</UniqueIdentifier>
      <Extensions>h;hh;hpp;hxx;hm;inl;inc;xsd</Extensions>
    </Filter>
    <Filter Include="Resource Files">
      <UniqueIdentifier>{67DA6AB6-F800-4c08-8B7A-83BB121AAD01}</UniqueIdentifier>
      <Extensions>rc;ico;cur;bmp;dlg;rc2;rct;bin;rgs;gif;jpg;jpeg;jpe;resx;tiff;tif;png;wav;mfcribbon-ms</Extensions>
    </Filter>
  </ItemGroup>
  <ItemGroup>
    <Text Include="ReadMe.txt" />
  </ItemGroup>
  <ItemGroup>
    <ClInclude Include="HctToolkit.h">
      <Filter>Header Files</Filter>
    </ClInclude>
    <ClInclude Include="HctToolkitDlg.h">
      <Filter>Header Files</Filter>
    </ClInclude>
    <ClInclude Include="stdafx.h">
      <Filter>Header Files</Filter>
    </ClInclude>
    <ClInclude Include="targetver.h">
      <Filter>Header Files</Filter>
    </ClInclude>
    <ClInclude Include="Resource.h">
      <Filter>Header Files</Filter>
    </ClInclude>
    <ClInclude Include="IrCameraView.h">
      <Filter>Header Files</Filter>
    </ClInclude>
    <ClInclude Include="DlgSpectrometerCalibration.h">
      <Filter>Header Files</Filter>
    </ClInclude>
    <ClInclude Include="DlgDispersionCompensation.h">
      <Filter>Header Files</Filter>
    </ClInclude>
    <ClInclude Include="DlgFocusControl.h">
      <Filter>Header Files</Filter>
    </ClInclude>
    <ClInclude Include="DlgMotorControl.h">
      <Filter>Header Files</Filter>
    </ClInclude>
    <ClInclude Include="DlgLightControl.h">
      <Filter>Header Files</Filter>
    </ClInclude>
    <ClInclude Include="DlgKeratoCalibration.h">
      <Filter>Header Files</Filter>
    </ClInclude>
    <ClInclude Include="DlgCameraControl.h">
      <Filter>Header Files</Filter>
    </ClInclude>
    <ClInclude Include="DlgColorCameraTest.h">
      <Filter>Header Files</Filter>
    </ClInclude>
    <ClInclude Include="DlgColorCameraControl.h">
      <Filter>Header Files</Filter>
    </ClInclude>
    <ClInclude Include="ViewColorCamera.h">
      <Filter>Header Files</Filter>
    </ClInclude>
    <ClInclude Include="ViewCorneaCamera.h">
      <Filter>Header Files</Filter>
    </ClInclude>
    <ClInclude Include="ViewRetinaCamera.h">
      <Filter>Header Files</Filter>
    </ClInclude>
    <ClInclude Include="ViewScanPreview.h">
      <Filter>Header Files</Filter>
    </ClInclude>
    <ClInclude Include="ViewScanSpectrum.h">
      <Filter>Header Files</Filter>
    </ClInclude>
    <ClInclude Include="ViewScanIntensity.h">
      <Filter>Header Files</Filter>
    </ClInclude>
    <ClInclude Include="ViewScanProfile.h">
      <Filter>Header Files</Filter>
    </ClInclude>
    <ClInclude Include="DlgStageControl.h">
      <Filter>Header Files</Filter>
    </ClInclude>
    <ClInclude Include="DlgSignalTester.h">
      <Filter>Header Files</Filter>
    </ClInclude>
    <ClInclude Include="ViewScanSignal.h">
      <Filter>Header Files</Filter>
    </ClInclude>
    <ClInclude Include="DlgScanPattern.h">
      <Filter>Header Files</Filter>
    </ClInclude>
    <ClInclude Include="ViewEnfacePreview.h">
      <Filter>Header Files</Filter>
    </ClInclude>
    <ClInclude Include="DlgMainboardTest.h">
      <Filter>Header Files</Filter>
    </ClInclude>
    <ClInclude Include="UsbLoopBack.h">
      <Filter>Header Files</Filter>
    </ClInclude>
    <ClInclude Include="StepMotorTest.h">
      <Filter>Header Files</Filter>
    </ClInclude>
    <ClInclude Include="DlgLongRunTest.h">
      <Filter>Header Files</Filter>
    </ClInclude>
    <ClInclude Include="DlgFactorySetup.h">
      <Filter>Header Files</Filter>
    </ClInclude>
    <ClInclude Include="DlgAngioPattern.h">
      <Filter>Header Files</Filter>
    </ClInclude>
    <ClInclude Include="ViewAngioPreview.h">
      <Filter>Header Files</Filter>
    </ClInclude>
    <ClInclude Include="DlgUserLogin.h">
      <Filter>Header Files</Filter>
    </ClInclude>
    <ClInclude Include="DlgOriginalImage.h">
      <Filter>Header Files</Filter>
    </ClInclude>
    <ClInclude Include="DlgOriginalLive.h">
      <Filter>Header Files</Filter>
    </ClInclude>
    <ClInclude Include="ViewScrollColorCamera.h">
      <Filter>Header Files</Filter>
    </ClInclude>
    <ClInclude Include="DlgTopographyPattern.h">
      <Filter>Header Files</Filter>
    </ClInclude>
    <ClInclude Include="ViewTopoPreview.h">
      <Filter>Header Files</Filter>
    </ClInclude>
    <ClInclude Include="DlgSystemSettings.h">
      <Filter>Header Files</Filter>
    </ClInclude>
    <ClInclude Include="DlgSysCalibration.h">
      <Filter>Header Files</Filter>
    </ClInclude>
  </ItemGroup>
  <ItemGroup>
    <ClCompile Include="HctToolkit.cpp">
      <Filter>Source Files</Filter>
    </ClCompile>
    <ClCompile Include="HctToolkitDlg.cpp">
      <Filter>Source Files</Filter>
    </ClCompile>
    <ClCompile Include="stdafx.cpp">
      <Filter>Source Files</Filter>
    </ClCompile>
    <ClCompile Include="IrCameraView.cpp">
      <Filter>Source Files</Filter>
    </ClCompile>
    <ClCompile Include="DlgSpectrometerCalibration.cpp">
      <Filter>Source Files</Filter>
    </ClCompile>
    <ClCompile Include="DlgDispersionCompensation.cpp">
      <Filter>Source Files</Filter>
    </ClCompile>
    <ClCompile Include="DlgFocusControl.cpp">
      <Filter>Source Files</Filter>
    </ClCompile>
    <ClCompile Include="DlgMotorControl.cpp">
      <Filter>Source Files</Filter>
    </ClCompile>
    <ClCompile Include="DlgLightControl.cpp">
      <Filter>Source Files</Filter>
    </ClCompile>
    <ClCompile Include="DlgKeratoCalibration.cpp">
      <Filter>Source Files</Filter>
    </ClCompile>
    <ClCompile Include="DlgCameraControl.cpp">
      <Filter>Source Files</Filter>
    </ClCompile>
    <ClCompile Include="DlgColorCameraTest.cpp">
      <Filter>Source Files</Filter>
    </ClCompile>
    <ClCompile Include="DlgColorCameraControl.cpp">
      <Filter>Source Files</Filter>
    </ClCompile>
    <ClCompile Include="ViewColorCamera.cpp">
      <Filter>Source Files</Filter>
    </ClCompile>
    <ClCompile Include="ViewRetinaCamera.cpp">
      <Filter>Source Files</Filter>
    </ClCompile>
    <ClCompile Include="ViewCorneaCamera.cpp">
      <Filter>Source Files</Filter>
    </ClCompile>
    <ClCompile Include="ViewScanPreview.cpp">
      <Filter>Source Files</Filter>
    </ClCompile>
    <ClCompile Include="ViewScanSpectrum.cpp">
      <Filter>Source Files</Filter>
    </ClCompile>
    <ClCompile Include="ViewScanIntensity.cpp">
      <Filter>Source Files</Filter>
    </ClCompile>
    <ClCompile Include="ViewScanProfile.cpp">
      <Filter>Source Files</Filter>
    </ClCompile>
    <ClCompile Include="DlgStageControl.cpp">
      <Filter>Source Files</Filter>
    </ClCompile>
    <ClCompile Include="DlgSignalTester.cpp">
      <Filter>Source Files</Filter>
    </ClCompile>
    <ClCompile Include="ViewScanSignal.cpp">
      <Filter>Source Files</Filter>
    </ClCompile>
    <ClCompile Include="DlgSysCalibration.cpp">
      <Filter>Source Files</Filter>
    </ClCompile>
    <ClCompile Include="DlgScanPattern.cpp">
      <Filter>Source Files</Filter>
    </ClCompile>
    <ClCompile Include="ViewEnfacePreview.cpp">
      <Filter>Source Files</Filter>
    </ClCompile>
    <ClCompile Include="DlgMainboardTest.cpp">
      <Filter>Source Files</Filter>
    </ClCompile>
    <ClCompile Include="StepMotorTest.cpp">
      <Filter>Source Files</Filter>
    </ClCompile>
    <ClCompile Include="DlgLongRunTest.cpp">
      <Filter>Source Files</Filter>
    </ClCompile>
    <ClCompile Include="DlgFactorySetup.cpp">
      <Filter>Source Files</Filter>
    </ClCompile>
    <ClCompile Include="UsbLoopBack.cpp">
      <Filter>Source Files</Filter>
    </ClCompile>
    <ClCompile Include="DlgAngioPattern.cpp">
      <Filter>Source Files</Filter>
    </ClCompile>
    <ClCompile Include="ViewAngioPreview.cpp">
      <Filter>Source Files</Filter>
    </ClCompile>
    <ClCompile Include="DlgUserLogin.cpp">
      <Filter>Source Files</Filter>
    </ClCompile>
    <ClCompile Include="DlgOriginalImage.cpp">
      <Filter>Source Files</Filter>
    </ClCompile>
    <ClCompile Include="DlgOriginalLive.cpp">
      <Filter>Source Files</Filter>
    </ClCompile>
    <ClCompile Include="ViewScrollColorCamera.cpp">
      <Filter>Source Files</Filter>
    </ClCompile>
    <ClCompile Include="DlgTopographyPattern.cpp">
      <Filter>Source Files</Filter>
    </ClCompile>
    <ClCompile Include="ViewTopoPreview.cpp">
      <Filter>Source Files</Filter>
    </ClCompile>
    <ClCompile Include="DlgSystemSettings.cpp">
      <Filter>Source Files</Filter>
    </ClCompile>
  </ItemGroup>
  <ItemGroup>
    <ResourceCompile Include="HctToolkit.rc">
      <Filter>Resource Files</Filter>
    </ResourceCompile>
  </ItemGroup>
  <ItemGroup>
    <None Include="res\HctToolkit.rc2">
      <Filter>Resource Files</Filter>
    </None>
    <None Include="ClassDiagram.cd" />
    <None Include="ClassDiagram1.cd" />
  </ItemGroup>
  <ItemGroup>
    <Image Include="res\HctToolkit.ico">
      <Filter>Resource Files</Filter>
    </Image>
  </ItemGroup>
</Project>