<?xml version="1.0" encoding="utf-8"?>
<Project ToolsVersion="4.0" xmlns="http://schemas.microsoft.com/developer/msbuild/2003">
  <ItemGroup>
    <Filter Include="Source Files">
      <UniqueIdentifier>{4FC737F1-C7A5-4376-A066-2A32D752A2FF}</UniqueIdentifier>
      <Extensions>cpp;c;cc;cxx;def;odl;idl;hpj;bat;asm;asmx</Extensions>
    </Filter>
    <Filter Include="Header Files">
      <UniqueIdentifier>{93995380-89BD-4b04-88EB-625FBE52EBFB}</UniqueIdentifier>
      <Extensions>h;hh;hpp;hxx;hm;inl;inc;xsd</Extensions>
    </Filter>
    <Filter Include="Resource Files">
      <UniqueIdentifier>{67DA6AB6-F800-4c08-8B7A-83BB121AAD01}</UniqueIdentifier>
      <Extensions>rc;ico;cur;bmp;dlg;rc2;rct;bin;rgs;gif;jpg;jpeg;jpe;resx;tiff;tif;png;wav;mfcribbon-ms</Extensions>
    </Filter>
  </ItemGroup>
  <ItemGroup>
    <Text Include="ReadMe.txt" />
  </ItemGroup>
  <ItemGroup>
    <ClCompile Include="OctResult.cpp">
      <Filter>Source Files</Filter>
    </ClCompile>
    <ClCompile Include="stdafx.cpp">
      <Filter>Source Files</Filter>
    </ClCompile>
    <ClCompile Include="FundusResult.cpp">
      <Filter>Source Files</Filter>
    </ClCompile>
    <ClCompile Include="ScannerResult.cpp">
      <Filter>Source Files</Filter>
    </ClCompile>
    <ClCompile Include="EnfaceImage.cpp">
      <Filter>Source Files</Filter>
    </ClCompile>
    <ClCompile Include="PatientData.cpp">
      <Filter>Source Files</Filter>
    </ClCompile>
    <ClCompile Include="BscanImage2.cpp">
      <Filter>Source Files</Filter>
    </ClCompile>
    <ClCompile Include="BscanBundle.cpp">
      <Filter>Source Files</Filter>
    </ClCompile>
    <ClCompile Include="PatternOutput2.cpp">
      <Filter>Source Files</Filter>
    </ClCompile>
    <ClCompile Include="PreviewOutput.cpp">
      <Filter>Source Files</Filter>
    </ClCompile>
    <ClCompile Include="EnfaceOutput.cpp">
      <Filter>Source Files</Filter>
    </ClCompile>
    <ClCompile Include="FundusOutput.cpp">
      <Filter>Source Files</Filter>
    </ClCompile>
    <ClCompile Include="BscanSection.cpp">
      <Filter>Source Files</Filter>
    </ClCompile>
    <ClCompile Include="FundusImage.cpp">
      <Filter>Source Files</Filter>
    </ClCompile>
    <ClCompile Include="FundusSection.cpp">
      <Filter>Source Files</Filter>
    </ClCompile>
    <ClCompile Include="FundusBundle.cpp">
      <Filter>Source Files</Filter>
    </ClCompile>
    <ClCompile Include="RetinaImage.cpp">
      <Filter>Source Files</Filter>
    </ClCompile>
    <ClCompile Include="CorneaImage.cpp">
      <Filter>Source Files</Filter>
    </ClCompile>
    <ClCompile Include="FundusFrame.cpp">
      <Filter>Source Files</Filter>
    </ClCompile>
  </ItemGroup>
  <ItemGroup>
    <ClInclude Include="OctResult.h">
      <Filter>Header Files</Filter>
    </ClInclude>
    <ClInclude Include="stdafx.h">
      <Filter>Header Files</Filter>
    </ClInclude>
    <ClInclude Include="targetver.h">
      <Filter>Header Files</Filter>
    </ClInclude>
    <ClInclude Include="Resource.h">
      <Filter>Header Files</Filter>
    </ClInclude>
    <ClInclude Include="OctResultDef.h">
      <Filter>Header Files</Filter>
    </ClInclude>
    <ClInclude Include="OctResult2.h">
      <Filter>Header Files</Filter>
    </ClInclude>
    <ClInclude Include="FundusResult.h">
      <Filter>Header Files</Filter>
    </ClInclude>
    <ClInclude Include="ScannerResult.h">
      <Filter>Header Files</Filter>
    </ClInclude>
    <ClInclude Include="EnfaceImage.h">
      <Filter>Header Files</Filter>
    </ClInclude>
    <ClInclude Include="PatientData.h">
      <Filter>Header Files</Filter>
    </ClInclude>
    <ClInclude Include="BscanImage2.h">
      <Filter>Header Files</Filter>
    </ClInclude>
    <ClInclude Include="BscanBundle.h">
      <Filter>Header Files</Filter>
    </ClInclude>
    <ClInclude Include="PatternOutput2.h">
      <Filter>Header Files</Filter>
    </ClInclude>
    <ClInclude Include="PreviewOutput.h">
      <Filter>Header Files</Filter>
    </ClInclude>
    <ClInclude Include="EnfaceOutput.h">
      <Filter>Header Files</Filter>
    </ClInclude>
    <ClInclude Include="FundusOutput.h">
      <Filter>Header Files</Filter>
    </ClInclude>
    <ClInclude Include="BscanSection.h">
      <Filter>Header Files</Filter>
    </ClInclude>
    <ClInclude Include="FundusImage.h">
      <Filter>Header Files</Filter>
    </ClInclude>
    <ClInclude Include="FundusSection.h">
      <Filter>Header Files</Filter>
    </ClInclude>
    <ClInclude Include="FundusBundle.h">
      <Filter>Header Files</Filter>
    </ClInclude>
    <ClInclude Include="RetinaImage.h">
      <Filter>Header Files</Filter>
    </ClInclude>
    <ClInclude Include="CorneaImage.h">
      <Filter>Header Files</Filter>
    </ClInclude>
    <ClInclude Include="FundusFrame.h">
      <Filter>Header Files</Filter>
    </ClInclude>
  </ItemGroup>
  <ItemGroup>
    <None Include="OctResult.def">
      <Filter>Source Files</Filter>
    </None>
    <None Include="res\OctResult.rc2">
      <Filter>Resource Files</Filter>
    </None>
    <None Include="packages.config" />
  </ItemGroup>
  <ItemGroup>
    <ResourceCompile Include="OctResult.rc">
      <Filter>Resource Files</Filter>
    </ResourceCompile>
  </ItemGroup>
</Project>