<?xml version="1.0" encoding="utf-8"?>
<Project ToolsVersion="4.0" xmlns="http://schemas.microsoft.com/developer/msbuild/2003">
  <ItemGroup>
    <Filter Include="Source Files">
      <UniqueIdentifier>{4FC737F1-C7A5-4376-A066-2A32D752A2FF}</UniqueIdentifier>
      <Extensions>cpp;c;cc;cxx;def;odl;idl;hpj;bat;asm;asmx</Extensions>
    </Filter>
    <Filter Include="Header Files">
      <UniqueIdentifier>{93995380-89BD-4b04-88EB-625FBE52EBFB}</UniqueIdentifier>
      <Extensions>h;hh;hpp;hxx;hm;inl;inc;xsd</Extensions>
    </Filter>
    <Filter Include="Resource Files">
      <UniqueIdentifier>{67DA6AB6-F800-4c08-8B7A-83BB121AAD01}</UniqueIdentifier>
      <Extensions>rc;ico;cur;bmp;dlg;rc2;rct;bin;rgs;gif;jpg;jpeg;jpe;resx;tiff;tif;png;wav;mfcribbon-ms</Extensions>
    </Filter>
  </ItemGroup>
  <ItemGroup>
    <Text Include="ReadMe.txt" />
  </ItemGroup>
  <ItemGroup>
    <ClCompile Include="RetFocus.cpp">
      <Filter>Source Files</Filter>
    </ClCompile>
    <ClCompile Include="stdafx.cpp">
      <Filter>Source Files</Filter>
    </ClCompile>
    <ClCompile Include="RetinaFrame.cpp">
      <Filter>Source Files</Filter>
    </ClCompile>
    <ClCompile Include="RetinaFocus2.cpp">
      <Filter>Source Files</Filter>
    </ClCompile>
    <ClCompile Include="ScanAutoFocus.cpp">
      <Filter>Source Files</Filter>
    </ClCompile>
    <ClCompile Include="ScanAutoPolar.cpp">
      <Filter>Source Files</Filter>
    </ClCompile>
    <ClCompile Include="ScanAutoRefer.cpp">
      <Filter>Source Files</Filter>
    </ClCompile>
    <ClCompile Include="SplitAutoFocus.cpp">
      <Filter>Source Files</Filter>
    </ClCompile>
    <ClCompile Include="ScanOptimizer.cpp">
      <Filter>Source Files</Filter>
    </ClCompile>
    <ClCompile Include="ScanAutoMeasure.cpp">
      <Filter>Source Files</Filter>
    </ClCompile>
    <ClCompile Include="TrackImage.cpp">
      <Filter>Source Files</Filter>
    </ClCompile>
    <ClCompile Include="TrackImage2.cpp">
      <Filter>Source Files</Filter>
    </ClCompile>
    <ClCompile Include="TrackFeature.cpp">
      <Filter>Source Files</Filter>
    </ClCompile>
    <ClCompile Include="TrackRecords.cpp">
      <Filter>Source Files</Filter>
    </ClCompile>
    <ClCompile Include="TrackCamera.cpp">
      <Filter>Source Files</Filter>
    </ClCompile>
    <ClCompile Include="TrackingCamera.cpp">
      <Filter>Source Files</Filter>
    </ClCompile>
    <ClCompile Include="TrackingObject.cpp">
      <Filter>Source Files</Filter>
    </ClCompile>
    <ClCompile Include="TrackingRecords.cpp">
      <Filter>Source Files</Filter>
    </ClCompile>
  </ItemGroup>
  <ItemGroup>
    <ClInclude Include="RetFocus.h">
      <Filter>Header Files</Filter>
    </ClInclude>
    <ClInclude Include="stdafx.h">
      <Filter>Header Files</Filter>
    </ClInclude>
    <ClInclude Include="targetver.h">
      <Filter>Header Files</Filter>
    </ClInclude>
    <ClInclude Include="Resource.h">
      <Filter>Header Files</Filter>
    </ClInclude>
    <ClInclude Include="RetFocusDef.h">
      <Filter>Header Files</Filter>
    </ClInclude>
    <ClInclude Include="RetinaFrame.h">
      <Filter>Header Files</Filter>
    </ClInclude>
    <ClInclude Include="RetinaFocus2.h">
      <Filter>Header Files</Filter>
    </ClInclude>
    <ClInclude Include="RetFocus2.h">
      <Filter>Header Files</Filter>
    </ClInclude>
    <ClInclude Include="ScanAutoFocus.h">
      <Filter>Header Files</Filter>
    </ClInclude>
    <ClInclude Include="ScanAutoPolar.h">
      <Filter>Header Files</Filter>
    </ClInclude>
    <ClInclude Include="ScanAutoRefer.h">
      <Filter>Header Files</Filter>
    </ClInclude>
    <ClInclude Include="SplitAutoFocus.h">
      <Filter>Header Files</Filter>
    </ClInclude>
    <ClInclude Include="ScanOptimizer.h">
      <Filter>Header Files</Filter>
    </ClInclude>
    <ClInclude Include="ScanAutoMeasure.h">
      <Filter>Header Files</Filter>
    </ClInclude>
    <ClInclude Include="TrackImage.h">
      <Filter>Header Files</Filter>
    </ClInclude>
    <ClInclude Include="TrackImage2.h">
      <Filter>Header Files</Filter>
    </ClInclude>
    <ClInclude Include="TrackFeature.h">
      <Filter>Header Files</Filter>
    </ClInclude>
    <ClInclude Include="TrackRecords.h">
      <Filter>Header Files</Filter>
    </ClInclude>
    <ClInclude Include="TrackCamera.h">
      <Filter>Header Files</Filter>
    </ClInclude>
    <ClInclude Include="TrackingCamera.h">
      <Filter>Header Files</Filter>
    </ClInclude>
    <ClInclude Include="TrackingObject.h">
      <Filter>Header Files</Filter>
    </ClInclude>
    <ClInclude Include="TrackingRecords.h">
      <Filter>Header Files</Filter>
    </ClInclude>
  </ItemGroup>
  <ItemGroup>
    <None Include="RetFocus.def">
      <Filter>Source Files</Filter>
    </None>
    <None Include="res\RetFocus.rc2">
      <Filter>Resource Files</Filter>
    </None>
  </ItemGroup>
  <ItemGroup>
    <ResourceCompile Include="RetFocus.rc">
      <Filter>Resource Files</Filter>
    </ResourceCompile>
  </ItemGroup>
</Project>