<?xml version="1.0" encoding="utf-8"?>
<Project ToolsVersion="4.0" xmlns="http://schemas.microsoft.com/developer/msbuild/2003">
  <ItemGroup>
    <Filter Include="Source Files">
      <UniqueIdentifier>{4FC737F1-C7A5-4376-A066-2A32D752A2FF}</UniqueIdentifier>
      <Extensions>cpp;c;cc;cxx;def;odl;idl;hpj;bat;asm;asmx</Extensions>
    </Filter>
    <Filter Include="Header Files">
      <UniqueIdentifier>{93995380-89BD-4b04-88EB-625FBE52EBFB}</UniqueIdentifier>
      <Extensions>h;hh;hpp;hxx;hm;inl;inc;xsd</Extensions>
    </Filter>
    <Filter Include="Resource Files">
      <UniqueIdentifier>{67DA6AB6-F800-4c08-8B7A-83BB121AAD01}</UniqueIdentifier>
      <Extensions>rc;ico;cur;bmp;dlg;rc2;rct;bin;rgs;gif;jpg;jpeg;jpe;resx;tiff;tif;png;wav;mfcribbon-ms</Extensions>
    </Filter>
    <Filter Include="serial">
      <UniqueIdentifier>{5cd9b655-86c7-4f54-a526-6f7c5911e17d}</UniqueIdentifier>
    </Filter>
  </ItemGroup>
  <ItemGroup>
    <Text Include="ReadMe.txt" />
  </ItemGroup>
  <ItemGroup>
    <ClCompile Include="CppUtil.cpp">
      <Filter>Source Files</Filter>
    </ClCompile>
    <ClCompile Include="stdafx.cpp">
      <Filter>Source Files</Filter>
    </ClCompile>
    <ClCompile Include="DebugOut.cpp">
      <Filter>Source Files</Filter>
    </ClCompile>
    <ClCompile Include="StrFunc.cpp">
      <Filter>Source Files</Filter>
    </ClCompile>
    <ClCompile Include="CGdiPlus.cpp">
      <Filter>Source Files</Filter>
    </ClCompile>
    <ClCompile Include="CubicSpline.cpp">
      <Filter>Source Files</Filter>
    </ClCompile>
    <ClCompile Include="CvHelper.cpp">
      <Filter>Source Files</Filter>
    </ClCompile>
    <ClCompile Include="sgsmooth.cpp">
      <Filter>Source Files</Filter>
    </ClCompile>
    <ClCompile Include="SgFilter.cpp">
      <Filter>Source Files</Filter>
    </ClCompile>
    <ClCompile Include="Regressor.cpp">
      <Filter>Source Files</Filter>
    </ClCompile>
    <ClCompile Include="CvImage.cpp">
      <Filter>Source Files</Filter>
    </ClCompile>
    <ClCompile Include="NumericFunc.cpp">
      <Filter>Source Files</Filter>
    </ClCompile>
    <ClCompile Include="ClockTimer.cpp">
      <Filter>Source Files</Filter>
    </ClCompile>
    <ClCompile Include="source.cpp">
      <Filter>Source Files</Filter>
    </ClCompile>
    <ClCompile Include="fundusCorrection.cpp">
      <Filter>Source Files</Filter>
    </ClCompile>
    <ClCompile Include="serial\serial.cc">
      <Filter>serial</Filter>
    </ClCompile>
    <ClCompile Include="serial\win.cc">
      <Filter>serial</Filter>
    </ClCompile>
    <ClCompile Include="SerialPort.cpp">
      <Filter>Source Files</Filter>
    </ClCompile>
    <ClCompile Include="CvProcess.cpp">
      <Filter>Source Files</Filter>
    </ClCompile>
    <ClCompile Include="Logger.cpp">
      <Filter>Source Files</Filter>
    </ClCompile>
    <ClCompile Include="SystemFunc.cpp">
      <Filter>Source Files</Filter>
    </ClCompile>
    <ClCompile Include="GuidedFilter.cpp">
      <Filter>Source Files</Filter>
    </ClCompile>
    <ClCompile Include="Retinex.cpp">
      <Filter>Source Files</Filter>
    </ClCompile>
  </ItemGroup>
  <ItemGroup>
    <ClInclude Include="CppUtil.h">
      <Filter>Header Files</Filter>
    </ClInclude>
    <ClInclude Include="stdafx.h">
      <Filter>Header Files</Filter>
    </ClInclude>
    <ClInclude Include="targetver.h">
      <Filter>Header Files</Filter>
    </ClInclude>
    <ClInclude Include="Resource.h">
      <Filter>Header Files</Filter>
    </ClInclude>
    <ClInclude Include="DebugOut.h">
      <Filter>Header Files</Filter>
    </ClInclude>
    <ClInclude Include="CppUtilDef.h">
      <Filter>Header Files</Filter>
    </ClInclude>
    <ClInclude Include="StrFunc.h">
      <Filter>Header Files</Filter>
    </ClInclude>
    <ClInclude Include="CppUtil2.h">
      <Filter>Header Files</Filter>
    </ClInclude>
    <ClInclude Include="CGdiPlus.h">
      <Filter>Header Files</Filter>
    </ClInclude>
    <ClInclude Include="TkSpline.h">
      <Filter>Header Files</Filter>
    </ClInclude>
    <ClInclude Include="CubicSpline.h">
      <Filter>Header Files</Filter>
    </ClInclude>
    <ClInclude Include="CvHelper.h">
      <Filter>Header Files</Filter>
    </ClInclude>
    <ClInclude Include="sgsmooth.h">
      <Filter>Header Files</Filter>
    </ClInclude>
    <ClInclude Include="SgFilter.h">
      <Filter>Header Files</Filter>
    </ClInclude>
    <ClInclude Include="Regressor.h">
      <Filter>Header Files</Filter>
    </ClInclude>
    <ClInclude Include="CvImage.h">
      <Filter>Header Files</Filter>
    </ClInclude>
    <ClInclude Include="NumericFunc.h">
      <Filter>Header Files</Filter>
    </ClInclude>
    <ClInclude Include="ClockTimer.h">
      <Filter>Header Files</Filter>
    </ClInclude>
    <ClInclude Include="fundusCorrection.h">
      <Filter>Header Files</Filter>
    </ClInclude>
    <ClInclude Include="serial\serial.h">
      <Filter>serial</Filter>
    </ClInclude>
    <ClInclude Include="serial\v8stdint.h">
      <Filter>serial</Filter>
    </ClInclude>
    <ClInclude Include="serial\win.h">
      <Filter>serial</Filter>
    </ClInclude>
    <ClInclude Include="SerialPort.h">
      <Filter>Header Files</Filter>
    </ClInclude>
    <ClInclude Include="CvProcess.h">
      <Filter>Header Files</Filter>
    </ClInclude>
    <ClInclude Include="Logger.h">
      <Filter>Header Files</Filter>
    </ClInclude>
    <ClInclude Include="SystemFunc.h">
      <Filter>Header Files</Filter>
    </ClInclude>
    <ClInclude Include="PolyFit.h">
      <Filter>Header Files</Filter>
    </ClInclude>
    <ClInclude Include="GuidedFilter.h">
      <Filter>Header Files</Filter>
    </ClInclude>
    <ClInclude Include="Retinex.h">
      <Filter>Header Files</Filter>
    </ClInclude>
  </ItemGroup>
  <ItemGroup>
    <None Include="CppUtil.def">
      <Filter>Source Files</Filter>
    </None>
    <None Include="res\CppUtil.rc2">
      <Filter>Resource Files</Filter>
    </None>
  </ItemGroup>
  <ItemGroup>
    <ResourceCompile Include="CppUtil.rc">
      <Filter>Resource Files</Filter>
    </ResourceCompile>
  </ItemGroup>
</Project>