<?xml version="1.0" encoding="utf-8"?>
<Project ToolsVersion="4.0" xmlns="http://schemas.microsoft.com/developer/msbuild/2003">
  <ItemGroup>
    <Filter Include="소스 파일">
      <UniqueIdentifier>{4FC737F1-C7A5-4376-A066-2A32D752A2FF}</UniqueIdentifier>
      <Extensions>cpp;c;cc;cxx;def;odl;idl;hpj;bat;asm;asmx</Extensions>
    </Filter>
    <Filter Include="헤더 파일">
      <UniqueIdentifier>{93995380-89BD-4b04-88EB-625FBE52EBFB}</UniqueIdentifier>
      <Extensions>h;hh;hpp;hxx;hm;inl;inc;xsd</Extensions>
    </Filter>
    <Filter Include="리소스 파일">
      <UniqueIdentifier>{67DA6AB6-F800-4c08-8B7A-83BB121AAD01}</UniqueIdentifier>
      <Extensions>rc;ico;cur;bmp;dlg;rc2;rct;bin;rgs;gif;jpg;jpeg;jpe;resx;tiff;tif;png;wav;mfcribbon-ms</Extensions>
    </Filter>
  </ItemGroup>
  <ItemGroup>
    <Text Include="ReadMe.txt" />
  </ItemGroup>
  <ItemGroup>
    <ClCompile Include="PatientDB.cpp">
      <Filter>소스 파일</Filter>
    </ClCompile>
    <ClCompile Include="stdafx.cpp">
      <Filter>소스 파일</Filter>
    </ClCompile>
    <ClCompile Include="Device.cpp">
      <Filter>소스 파일</Filter>
    </ClCompile>
    <ClCompile Include="DiagnosisGroup.cpp">
      <Filter>소스 파일</Filter>
    </ClCompile>
    <ClCompile Include="DiagnosisItem.cpp">
      <Filter>소스 파일</Filter>
    </ClCompile>
    <ClCompile Include="Exam.cpp">
      <Filter>소스 파일</Filter>
    </ClCompile>
    <ClCompile Include="FundusResult.cpp">
      <Filter>소스 파일</Filter>
    </ClCompile>
    <ClCompile Include="Operator.cpp">
      <Filter>소스 파일</Filter>
    </ClCompile>
    <ClCompile Include="Patient.cpp">
      <Filter>소스 파일</Filter>
    </ClCompile>
    <ClCompile Include="PatientDatabase.cpp">
      <Filter>소스 파일</Filter>
    </ClCompile>
    <ClCompile Include="Physician.cpp">
      <Filter>소스 파일</Filter>
    </ClCompile>
    <ClCompile Include="Race.cpp">
      <Filter>소스 파일</Filter>
    </ClCompile>
    <ClCompile Include="ScanPattern.cpp">
      <Filter>소스 파일</Filter>
    </ClCompile>
    <ClCompile Include="ScanResult.cpp">
      <Filter>소스 파일</Filter>
    </ClCompile>
    <ClCompile Include="UserAccount.cpp">
      <Filter>소스 파일</Filter>
    </ClCompile>
    <ClCompile Include="DatabaseUtil.cpp">
      <Filter>소스 파일</Filter>
    </ClCompile>
    <ClCompile Include="WorkList.cpp">
      <Filter>소스 파일</Filter>
    </ClCompile>
    <ClCompile Include="FetchPropertyPatient.cpp">
      <Filter>소스 파일</Filter>
    </ClCompile>
    <ClCompile Include="FetchPropertyExam.cpp">
      <Filter>소스 파일</Filter>
    </ClCompile>
    <ClCompile Include="FetchPropertyScanResult.cpp">
      <Filter>소스 파일</Filter>
    </ClCompile>
    <ClCompile Include="FetchPropertyFundusResult.cpp">
      <Filter>소스 파일</Filter>
    </ClCompile>
  </ItemGroup>
  <ItemGroup>
    <ClInclude Include="PatientDB.h">
      <Filter>헤더 파일</Filter>
    </ClInclude>
    <ClInclude Include="stdafx.h">
      <Filter>헤더 파일</Filter>
    </ClInclude>
    <ClInclude Include="targetver.h">
      <Filter>헤더 파일</Filter>
    </ClInclude>
    <ClInclude Include="Resource.h">
      <Filter>헤더 파일</Filter>
    </ClInclude>
    <ClInclude Include="PatientDBDef.h">
      <Filter>헤더 파일</Filter>
    </ClInclude>
    <ClInclude Include="Device.h">
      <Filter>헤더 파일</Filter>
    </ClInclude>
    <ClInclude Include="DiagnosisGroup.h">
      <Filter>헤더 파일</Filter>
    </ClInclude>
    <ClInclude Include="DiagnosisItem.h">
      <Filter>헤더 파일</Filter>
    </ClInclude>
    <ClInclude Include="Exam.h">
      <Filter>헤더 파일</Filter>
    </ClInclude>
    <ClInclude Include="FundusResult.h">
      <Filter>헤더 파일</Filter>
    </ClInclude>
    <ClInclude Include="Operator.h">
      <Filter>헤더 파일</Filter>
    </ClInclude>
    <ClInclude Include="Patient.h">
      <Filter>헤더 파일</Filter>
    </ClInclude>
    <ClInclude Include="PatientDatabase.h">
      <Filter>헤더 파일</Filter>
    </ClInclude>
    <ClInclude Include="Physician.h">
      <Filter>헤더 파일</Filter>
    </ClInclude>
    <ClInclude Include="Race.h">
      <Filter>헤더 파일</Filter>
    </ClInclude>
    <ClInclude Include="ScanPattern.h">
      <Filter>헤더 파일</Filter>
    </ClInclude>
    <ClInclude Include="ScanResult.h">
      <Filter>헤더 파일</Filter>
    </ClInclude>
    <ClInclude Include="UserAccount.h">
      <Filter>헤더 파일</Filter>
    </ClInclude>
    <ClInclude Include="PatientDB2.h">
      <Filter>헤더 파일</Filter>
    </ClInclude>
    <ClInclude Include="DatabaseUtil.h">
      <Filter>헤더 파일</Filter>
    </ClInclude>
    <ClInclude Include="WorkList.h">
      <Filter>헤더 파일</Filter>
    </ClInclude>
    <ClInclude Include="FetchPropertyPatient.h">
      <Filter>헤더 파일</Filter>
    </ClInclude>
    <ClInclude Include="FetchPropertyExam.h">
      <Filter>헤더 파일</Filter>
    </ClInclude>
    <ClInclude Include="FetchPropertyScanResult.h">
      <Filter>헤더 파일</Filter>
    </ClInclude>
    <ClInclude Include="FetchPropertyFundusResult.h">
      <Filter>헤더 파일</Filter>
    </ClInclude>
  </ItemGroup>
  <ItemGroup>
    <None Include="res\PatientDB.rc2">
      <Filter>리소스 파일</Filter>
    </None>
  </ItemGroup>
  <ItemGroup>
    <ResourceCompile Include="PatientDB.rc">
      <Filter>리소스 파일</Filter>
    </ResourceCompile>
  </ItemGroup>
</Project>